// !$*UTF8*$!
{
	archiveVersion = 1;
	classes = {
	};
	objectVersion = 46;
	objects = {

/* Begin PBXBuildFile section */
		03CD3F0A34230F4DDFE6B5F0 /* Pods_CucumberishTests.framework in Frameworks */ = {isa = PBXBuildFile; fileRef = BB8C3CFD55A48D90E6619154 /* Pods_CucumberishTests.framework */; };
		0C01EA5D1D369F6400E0F279 /* MasterViewController.swift in Sources */ = {isa = PBXBuildFile; fileRef = 0C01EA5C1D369F6400E0F279 /* MasterViewController.swift */; };
		0C01EA5F1D369F6400E0F279 /* DetailViewController.swift in Sources */ = {isa = PBXBuildFile; fileRef = 0C01EA5E1D369F6400E0F279 /* DetailViewController.swift */; };
		0C01EA621D369F6400E0F279 /* Main.storyboard in Resources */ = {isa = PBXBuildFile; fileRef = 0C01EA601D369F6400E0F279 /* Main.storyboard */; };
		0C01EA641D369F6400E0F279 /* Assets.xcassets in Resources */ = {isa = PBXBuildFile; fileRef = 0C01EA631D369F6400E0F279 /* Assets.xcassets */; };
		0C01EA671D369F6400E0F279 /* LaunchScreen.storyboard in Resources */ = {isa = PBXBuildFile; fileRef = 0C01EA651D369F6400E0F279 /* LaunchScreen.storyboard */; };
		0C01EA721D369F6400E0F279 /* DetailViewControllerTests.swift in Sources */ = {isa = PBXBuildFile; fileRef = 0C01EA711D369F6400E0F279 /* DetailViewControllerTests.swift */; };
		0C649D731D36DE7A00BAC631 /* UIViewControllerTestExtensions.swift in Sources */ = {isa = PBXBuildFile; fileRef = 0C649D721D36DE7A00BAC631 /* UIViewControllerTestExtensions.swift */; };
		0C649D751D36E28D00BAC631 /* MasterViewControllerTests.swift in Sources */ = {isa = PBXBuildFile; fileRef = 0C649D741D36E28D00BAC631 /* MasterViewControllerTests.swift */; };
		0C649D771D377ACC00BAC631 /* InsertionTableView.swift in Sources */ = {isa = PBXBuildFile; fileRef = 0C649D761D377ACC00BAC631 /* InsertionTableView.swift */; };
		0C69C3851D6DA88000FD8BAD /* CucumberishTests.swift in Sources */ = {isa = PBXBuildFile; fileRef = 0C69C3841D6DA88000FD8BAD /* CucumberishTests.swift */; };
		0C69C38D1D6DB13500FD8BAD /* Features in Resources */ = {isa = PBXBuildFile; fileRef = 0C69C38C1D6DB13500FD8BAD /* Features */; };
		0CB4CD2A1D70279900DF55F1 /* CucumberishInitializer.m in Sources */ = {isa = PBXBuildFile; fileRef = 0CB4CD291D70279900DF55F1 /* CucumberishInitializer.m */; };
		0CB4CD2C1D702C2D00DF55F1 /* StepDefinitions.swift in Sources */ = {isa = PBXBuildFile; fileRef = 0CB4CD2B1D702C2D00DF55F1 /* StepDefinitions.swift */; };
		62F481EAB6C1AF932F30520D /* Pods_MVImageViewerTests_CucumberishTests.framework in Frameworks */ = {isa = PBXBuildFile; fileRef = EFE6376C840689B4C362215F /* Pods_MVImageViewerTests_CucumberishTests.framework */; };
		7149F088D5405661B1713677 /* NSObject+KIFTestActorDelegate.swift in Sources */ = {isa = PBXBuildFile; fileRef = 7149F831ECB9C93F420A7B7A /* NSObject+KIFTestActorDelegate.swift */; };
		7149F3AC8C4580D752A763FD /* NSIndexPath+Testing.swift in Sources */ = {isa = PBXBuildFile; fileRef = 7149F8D22905622F66F82CBC /* NSIndexPath+Testing.swift */; };
		7149F6EB966085D901A6728D /* AppDelegate.swift in Sources */ = {isa = PBXBuildFile; fileRef = 7149F281B2A502FF768C5B98 /* AppDelegate.swift */; };
		7149F81CA772D89497C3F9DD /* .travis.yml in Resources */ = {isa = PBXBuildFile; fileRef = 7149FF8AFCEB0DCCAF8E6F08 /* .travis.yml */; };
		7149F9DCBD1D912D45CA8F52 /* LICENSE in Resources */ = {isa = PBXBuildFile; fileRef = 7149F1F16E8303F9155C0405 /* LICENSE */; };
		CBE6F31E2D47E704BB5364F7 /* Pods_MVImageViewer.framework in Frameworks */ = {isa = PBXBuildFile; fileRef = 4BD08C8C66AA95BAD1059EC1 /* Pods_MVImageViewer.framework */; };
		CCFFE7D4D73F0C839F4E5121 /* Pods_MVImageViewerTests.framework in Frameworks */ = {isa = PBXBuildFile; fileRef = 924A6DE05B2947405D2F2149 /* Pods_MVImageViewerTests.framework */; };
/* End PBXBuildFile section */

/* Begin PBXContainerItemProxy section */
		0C01EA6E1D369F6400E0F279 /* PBXContainerItemProxy */ = {
			isa = PBXContainerItemProxy;
			containerPortal = 0C01EA4F1D369F6400E0F279 /* Project object */;
			proxyType = 1;
			remoteGlobalIDString = 0C01EA561D369F6400E0F279;
			remoteInfo = MVImageViewer;
		};
		0C69C3871D6DA88000FD8BAD /* PBXContainerItemProxy */ = {
			isa = PBXContainerItemProxy;
			containerPortal = 0C01EA4F1D369F6400E0F279 /* Project object */;
			proxyType = 1;
			remoteGlobalIDString = 0C01EA561D369F6400E0F279;
			remoteInfo = MVImageViewer;
		};
/* End PBXContainerItemProxy section */

/* Begin PBXFileReference section */
		0C01EA571D369F6400E0F279 /* MVImageViewer.app */ = {isa = PBXFileReference; explicitFileType = wrapper.application; includeInIndex = 0; path = MVImageViewer.app; sourceTree = BUILT_PRODUCTS_DIR; };
		0C01EA5C1D369F6400E0F279 /* MasterViewController.swift */ = {isa = PBXFileReference; lastKnownFileType = sourcecode.swift; path = MasterViewController.swift; sourceTree = "<group>"; };
		0C01EA5E1D369F6400E0F279 /* DetailViewController.swift */ = {isa = PBXFileReference; lastKnownFileType = sourcecode.swift; path = DetailViewController.swift; sourceTree = "<group>"; };
		0C01EA611D369F6400E0F279 /* Base */ = {isa = PBXFileReference; lastKnownFileType = file.storyboard; name = Base; path = Base.lproj/Main.storyboard; sourceTree = "<group>"; };
		0C01EA631D369F6400E0F279 /* Assets.xcassets */ = {isa = PBXFileReference; lastKnownFileType = folder.assetcatalog; path = Assets.xcassets; sourceTree = "<group>"; };
		0C01EA661D369F6400E0F279 /* Base */ = {isa = PBXFileReference; lastKnownFileType = file.storyboard; name = Base; path = Base.lproj/LaunchScreen.storyboard; sourceTree = "<group>"; };
		0C01EA6D1D369F6400E0F279 /* MVImageViewerTests.xctest */ = {isa = PBXFileReference; explicitFileType = wrapper.cfbundle; includeInIndex = 0; path = MVImageViewerTests.xctest; sourceTree = BUILT_PRODUCTS_DIR; };
		0C01EA711D369F6400E0F279 /* DetailViewControllerTests.swift */ = {isa = PBXFileReference; lastKnownFileType = sourcecode.swift; path = DetailViewControllerTests.swift; sourceTree = "<group>"; };
		0C01EA731D369F6400E0F279 /* Info.plist */ = {isa = PBXFileReference; lastKnownFileType = text.plist.xml; path = Info.plist; sourceTree = "<group>"; };
		0C649D721D36DE7A00BAC631 /* UIViewControllerTestExtensions.swift */ = {isa = PBXFileReference; fileEncoding = 4; lastKnownFileType = sourcecode.swift; path = UIViewControllerTestExtensions.swift; sourceTree = "<group>"; };
		0C649D741D36E28D00BAC631 /* MasterViewControllerTests.swift */ = {isa = PBXFileReference; fileEncoding = 4; lastKnownFileType = sourcecode.swift; path = MasterViewControllerTests.swift; sourceTree = "<group>"; };
		0C649D761D377ACC00BAC631 /* InsertionTableView.swift */ = {isa = PBXFileReference; fileEncoding = 4; lastKnownFileType = sourcecode.swift; path = InsertionTableView.swift; sourceTree = "<group>"; };
		0C69C3821D6DA88000FD8BAD /* CucumberishTests.xctest */ = {isa = PBXFileReference; explicitFileType = wrapper.cfbundle; includeInIndex = 0; path = CucumberishTests.xctest; sourceTree = BUILT_PRODUCTS_DIR; };
		0C69C3841D6DA88000FD8BAD /* CucumberishTests.swift */ = {isa = PBXFileReference; lastKnownFileType = sourcecode.swift; path = CucumberishTests.swift; sourceTree = "<group>"; };
		0C69C3861D6DA88000FD8BAD /* Info.plist */ = {isa = PBXFileReference; lastKnownFileType = text.plist.xml; path = Info.plist; sourceTree = "<group>"; };
		0C69C38C1D6DB13500FD8BAD /* Features */ = {isa = PBXFileReference; lastKnownFileType = folder; path = Features; sourceTree = "<group>"; };
		0CB4CD281D70279800DF55F1 /* CucumberishTests-Bridging-Header.h */ = {isa = PBXFileReference; lastKnownFileType = sourcecode.c.h; path = "CucumberishTests-Bridging-Header.h"; sourceTree = "<group>"; };
		0CB4CD291D70279900DF55F1 /* CucumberishInitializer.m */ = {isa = PBXFileReference; fileEncoding = 4; lastKnownFileType = sourcecode.c.objc; path = CucumberishInitializer.m; sourceTree = "<group>"; };
		0CB4CD2B1D702C2D00DF55F1 /* StepDefinitions.swift */ = {isa = PBXFileReference; fileEncoding = 4; lastKnownFileType = sourcecode.swift; path = StepDefinitions.swift; sourceTree = "<group>"; };
		1E50EA51C25FFFB20EB01FB6 /* Pods-MVImageViewerTests.release.xcconfig */ = {isa = PBXFileReference; includeInIndex = 1; lastKnownFileType = text.xcconfig; name = "Pods-MVImageViewerTests.release.xcconfig"; path = "Pods/Target Support Files/Pods-MVImageViewerTests/Pods-MVImageViewerTests.release.xcconfig"; sourceTree = "<group>"; };
		2C379EE792489FFD1E2D5CFC /* Pods_KIFSwiftTests.framework */ = {isa = PBXFileReference; explicitFileType = wrapper.framework; includeInIndex = 0; path = Pods_KIFSwiftTests.framework; sourceTree = BUILT_PRODUCTS_DIR; };
		331172D76DC15BC67F7E7970 /* Pods_KIFTests.framework */ = {isa = PBXFileReference; explicitFileType = wrapper.framework; includeInIndex = 0; path = Pods_KIFTests.framework; sourceTree = BUILT_PRODUCTS_DIR; };
		48BDEC31FF44D7D4A309CF8A /* Pods_KIFCucumberishTests.framework */ = {isa = PBXFileReference; explicitFileType = wrapper.framework; includeInIndex = 0; path = Pods_KIFCucumberishTests.framework; sourceTree = BUILT_PRODUCTS_DIR; };
		4BD08C8C66AA95BAD1059EC1 /* Pods_MVImageViewer.framework */ = {isa = PBXFileReference; explicitFileType = wrapper.framework; includeInIndex = 0; path = Pods_MVImageViewer.framework; sourceTree = BUILT_PRODUCTS_DIR; };
		5090F2B00C7F1893F8B5F5E8 /* Pods-MVImageViewerTests-CucumberishTests.debug.xcconfig */ = {isa = PBXFileReference; includeInIndex = 1; lastKnownFileType = text.xcconfig; name = "Pods-MVImageViewerTests-CucumberishTests.debug.xcconfig"; path = "Pods/Target Support Files/Pods-MVImageViewerTests-CucumberishTests/Pods-MVImageViewerTests-CucumberishTests.debug.xcconfig"; sourceTree = "<group>"; };
		5B402DB733F48D083CA071D7 /* Pods-MVImageViewerTests.debug.xcconfig */ = {isa = PBXFileReference; includeInIndex = 1; lastKnownFileType = text.xcconfig; name = "Pods-MVImageViewerTests.debug.xcconfig"; path = "Pods/Target Support Files/Pods-MVImageViewerTests/Pods-MVImageViewerTests.debug.xcconfig"; sourceTree = "<group>"; };
		7149F063F26B224517F97383 /* Info.plist */ = {isa = PBXFileReference; fileEncoding = 4; lastKnownFileType = text.plist.info; path = Info.plist; sourceTree = "<group>"; };
		7149F1F16E8303F9155C0405 /* LICENSE */ = {isa = PBXFileReference; fileEncoding = 4; lastKnownFileType = text; path = LICENSE; sourceTree = SOURCE_ROOT; };
		7149F281B2A502FF768C5B98 /* AppDelegate.swift */ = {isa = PBXFileReference; fileEncoding = 4; lastKnownFileType = sourcecode.swift; path = AppDelegate.swift; sourceTree = "<group>"; };
		7149F831ECB9C93F420A7B7A /* NSObject+KIFTestActorDelegate.swift */ = {isa = PBXFileReference; fileEncoding = 4; lastKnownFileType = sourcecode.swift; path = "NSObject+KIFTestActorDelegate.swift"; sourceTree = "<group>"; };
		7149F850C6AEFCE7125C7909 /* README.md */ = {isa = PBXFileReference; fileEncoding = 4; lastKnownFileType = net.daringfireball.markdown; path = README.md; sourceTree = SOURCE_ROOT; };
		7149F8D22905622F66F82CBC /* NSIndexPath+Testing.swift */ = {isa = PBXFileReference; fileEncoding = 4; lastKnownFileType = sourcecode.swift; path = "NSIndexPath+Testing.swift"; sourceTree = "<group>"; };
		7149FF8AFCEB0DCCAF8E6F08 /* .travis.yml */ = {isa = PBXFileReference; lastKnownFileType = file.yml; path = .travis.yml; sourceTree = SOURCE_ROOT; };
		924A6DE05B2947405D2F2149 /* Pods_MVImageViewerTests.framework */ = {isa = PBXFileReference; explicitFileType = wrapper.framework; includeInIndex = 0; path = Pods_MVImageViewerTests.framework; sourceTree = BUILT_PRODUCTS_DIR; };
		BB8C3CFD55A48D90E6619154 /* Pods_CucumberishTests.framework */ = {isa = PBXFileReference; explicitFileType = wrapper.framework; includeInIndex = 0; path = Pods_CucumberishTests.framework; sourceTree = BUILT_PRODUCTS_DIR; };
		CF68BF7CC606C8C8E6B3C711 /* Pods-MVImageViewerTests-CucumberishTests.release.xcconfig */ = {isa = PBXFileReference; includeInIndex = 1; lastKnownFileType = text.xcconfig; name = "Pods-MVImageViewerTests-CucumberishTests.release.xcconfig"; path = "Pods/Target Support Files/Pods-MVImageViewerTests-CucumberishTests/Pods-MVImageViewerTests-CucumberishTests.release.xcconfig"; sourceTree = "<group>"; };
		DD5B995EC504883177B1D183 /* Pods-MVImageViewer.debug.xcconfig */ = {isa = PBXFileReference; includeInIndex = 1; lastKnownFileType = text.xcconfig; name = "Pods-MVImageViewer.debug.xcconfig"; path = "Pods/Target Support Files/Pods-MVImageViewer/Pods-MVImageViewer.debug.xcconfig"; sourceTree = "<group>"; };
		EFE6376C840689B4C362215F /* Pods_MVImageViewerTests_CucumberishTests.framework */ = {isa = PBXFileReference; explicitFileType = wrapper.framework; includeInIndex = 0; path = Pods_MVImageViewerTests_CucumberishTests.framework; sourceTree = BUILT_PRODUCTS_DIR; };
		F58465F7D81CDDA115007CD2 /* Pods-MVImageViewer.release.xcconfig */ = {isa = PBXFileReference; includeInIndex = 1; lastKnownFileType = text.xcconfig; name = "Pods-MVImageViewer.release.xcconfig"; path = "Pods/Target Support Files/Pods-MVImageViewer/Pods-MVImageViewer.release.xcconfig"; sourceTree = "<group>"; };
/* End PBXFileReference section */

/* Begin PBXFrameworksBuildPhase section */
		0C01EA541D369F6400E0F279 /* Frameworks */ = {
			isa = PBXFrameworksBuildPhase;
			buildActionMask = 2147483647;
			files = (
				CBE6F31E2D47E704BB5364F7 /* Pods_MVImageViewer.framework in Frameworks */,
			);
			runOnlyForDeploymentPostprocessing = 0;
		};
		0C01EA6A1D369F6400E0F279 /* Frameworks */ = {
			isa = PBXFrameworksBuildPhase;
			buildActionMask = 2147483647;
			files = (
				CCFFE7D4D73F0C839F4E5121 /* Pods_MVImageViewerTests.framework in Frameworks */,
			);
			runOnlyForDeploymentPostprocessing = 0;
		};
		0C69C37F1D6DA88000FD8BAD /* Frameworks */ = {
			isa = PBXFrameworksBuildPhase;
			buildActionMask = 2147483647;
			files = (
				03CD3F0A34230F4DDFE6B5F0 /* Pods_CucumberishTests.framework in Frameworks */,
				62F481EAB6C1AF932F30520D /* Pods_MVImageViewerTests_CucumberishTests.framework in Frameworks */,
			);
			runOnlyForDeploymentPostprocessing = 0;
		};
/* End PBXFrameworksBuildPhase section */

/* Begin PBXGroup section */
		0C01EA4E1D369F6400E0F279 = {
			isa = PBXGroup;
			children = (
				0C01EA591D369F6400E0F279 /* MVImageViewer */,
				0C01EA701D369F6400E0F279 /* MVImageViewerTests */,
				0C69C3831D6DA88000FD8BAD /* CucumberishTests */,
				0C01EA581D369F6400E0F279 /* Products */,
				7D7AD15BDB318FB7B3267521 /* Pods */,
				0E5BE148C80CEACEA102928C /* Frameworks */,
			);
			sourceTree = "<group>";
		};
		0C01EA581D369F6400E0F279 /* Products */ = {
			isa = PBXGroup;
			children = (
				0C01EA571D369F6400E0F279 /* MVImageViewer.app */,
				0C01EA6D1D369F6400E0F279 /* MVImageViewerTests.xctest */,
				0C69C3821D6DA88000FD8BAD /* CucumberishTests.xctest */,
			);
			name = Products;
			sourceTree = "<group>";
		};
		0C01EA591D369F6400E0F279 /* MVImageViewer */ = {
			isa = PBXGroup;
			children = (
				0C01EA5C1D369F6400E0F279 /* MasterViewController.swift */,
				0C01EA5E1D369F6400E0F279 /* DetailViewController.swift */,
				0C01EA601D369F6400E0F279 /* Main.storyboard */,
				0C01EA631D369F6400E0F279 /* Assets.xcassets */,
				7149F63B41B216F2489D213A /* Supporting Files */,
			);
			path = MVImageViewer;
			sourceTree = "<group>";
		};
		0C01EA701D369F6400E0F279 /* MVImageViewerTests */ = {
			isa = PBXGroup;
			children = (
				0C649D741D36E28D00BAC631 /* MasterViewControllerTests.swift */,
				0C01EA711D369F6400E0F279 /* DetailViewControllerTests.swift */,
				0C01EA731D369F6400E0F279 /* Info.plist */,
				7149FB93B5B57C5EFB48F19C /* Helpers */,
			);
			path = MVImageViewerTests;
			sourceTree = "<group>";
		};
		0C69C3831D6DA88000FD8BAD /* CucumberishTests */ = {
			isa = PBXGroup;
			children = (
				0CB4CD281D70279800DF55F1 /* CucumberishTests-Bridging-Header.h */,
				0C69C38C1D6DB13500FD8BAD /* Features */,
				0C69C3841D6DA88000FD8BAD /* CucumberishTests.swift */,
				0CB4CD2B1D702C2D00DF55F1 /* StepDefinitions.swift */,
				0C69C3861D6DA88000FD8BAD /* Info.plist */,
				0CB4CD291D70279900DF55F1 /* CucumberishInitializer.m */,
				7149FB5D10628D6471D99359 /* Utils */,
			);
			path = CucumberishTests;
			sourceTree = "<group>";
		};
		0E5BE148C80CEACEA102928C /* Frameworks */ = {
			isa = PBXGroup;
			children = (
				BB8C3CFD55A48D90E6619154 /* Pods_CucumberishTests.framework */,
				4BD08C8C66AA95BAD1059EC1 /* Pods_MVImageViewer.framework */,
				924A6DE05B2947405D2F2149 /* Pods_MVImageViewerTests.framework */,
				331172D76DC15BC67F7E7970 /* Pods_KIFTests.framework */,
				2C379EE792489FFD1E2D5CFC /* Pods_KIFSwiftTests.framework */,
				48BDEC31FF44D7D4A309CF8A /* Pods_KIFCucumberishTests.framework */,
				EFE6376C840689B4C362215F /* Pods_MVImageViewerTests_CucumberishTests.framework */,
			);
			name = Frameworks;
			sourceTree = "<group>";
		};
		7149F63B41B216F2489D213A /* Supporting Files */ = {
			isa = PBXGroup;
			children = (
				0C01EA651D369F6400E0F279 /* LaunchScreen.storyboard */,
				7149F281B2A502FF768C5B98 /* AppDelegate.swift */,
				7149F063F26B224517F97383 /* Info.plist */,
				7149F850C6AEFCE7125C7909 /* README.md */,
				7149FF8AFCEB0DCCAF8E6F08 /* .travis.yml */,
				7149F1F16E8303F9155C0405 /* LICENSE */,
			);
			path = "Supporting Files";
			sourceTree = "<group>";
		};
		7149FB5D10628D6471D99359 /* Utils */ = {
			isa = PBXGroup;
			children = (
				7149F8D22905622F66F82CBC /* NSIndexPath+Testing.swift */,
				7149F831ECB9C93F420A7B7A /* NSObject+KIFTestActorDelegate.swift */,
			);
			path = Utils;
			sourceTree = "<group>";
		};
		7149FB93B5B57C5EFB48F19C /* Helpers */ = {
			isa = PBXGroup;
			children = (
				0C649D721D36DE7A00BAC631 /* UIViewControllerTestExtensions.swift */,
				0C649D761D377ACC00BAC631 /* InsertionTableView.swift */,
			);
			path = Helpers;
			sourceTree = "<group>";
		};
		7D7AD15BDB318FB7B3267521 /* Pods */ = {
			isa = PBXGroup;
			children = (
				DD5B995EC504883177B1D183 /* Pods-MVImageViewer.debug.xcconfig */,
				F58465F7D81CDDA115007CD2 /* Pods-MVImageViewer.release.xcconfig */,
				5B402DB733F48D083CA071D7 /* Pods-MVImageViewerTests.debug.xcconfig */,
				1E50EA51C25FFFB20EB01FB6 /* Pods-MVImageViewerTests.release.xcconfig */,
				5090F2B00C7F1893F8B5F5E8 /* Pods-MVImageViewerTests-CucumberishTests.debug.xcconfig */,
				CF68BF7CC606C8C8E6B3C711 /* Pods-MVImageViewerTests-CucumberishTests.release.xcconfig */,
			);
			name = Pods;
			sourceTree = "<group>";
		};
/* End PBXGroup section */

/* Begin PBXNativeTarget section */
		0C01EA561D369F6400E0F279 /* MVImageViewer */ = {
			isa = PBXNativeTarget;
			buildConfigurationList = 0C01EA761D369F6400E0F279 /* Build configuration list for PBXNativeTarget "MVImageViewer" */;
			buildPhases = (
				45DDC08B87FDAB950A9754E0 /* [CP] Check Pods Manifest.lock */,
				0C01EA531D369F6400E0F279 /* Sources */,
				0C01EA541D369F6400E0F279 /* Frameworks */,
				0C01EA551D369F6400E0F279 /* Resources */,
				1D426A072AF556FDE251099B /* [CP] Embed Pods Frameworks */,
				F39B1ECE17B7BBC102A667F4 /* [CP] Copy Pods Resources */,
			);
			buildRules = (
			);
			dependencies = (
			);
			name = MVImageViewer;
			productName = MVImageViewer;
			productReference = 0C01EA571D369F6400E0F279 /* MVImageViewer.app */;
			productType = "com.apple.product-type.application";
		};
		0C01EA6C1D369F6400E0F279 /* MVImageViewerTests */ = {
			isa = PBXNativeTarget;
			buildConfigurationList = 0C01EA791D369F6400E0F279 /* Build configuration list for PBXNativeTarget "MVImageViewerTests" */;
			buildPhases = (
				9C862CF82282870B13AE4247 /* [CP] Check Pods Manifest.lock */,
				0C01EA691D369F6400E0F279 /* Sources */,
				0C01EA6A1D369F6400E0F279 /* Frameworks */,
				0C01EA6B1D369F6400E0F279 /* Resources */,
				C6A3428F1A953DC5EFD67681 /* [CP] Embed Pods Frameworks */,
				53056FA47FE1DDCFFEC67270 /* [CP] Copy Pods Resources */,
			);
			buildRules = (
			);
			dependencies = (
				0C01EA6F1D369F6400E0F279 /* PBXTargetDependency */,
			);
			name = MVImageViewerTests;
			productName = MVImageViewerTests;
			productReference = 0C01EA6D1D369F6400E0F279 /* MVImageViewerTests.xctest */;
			productType = "com.apple.product-type.bundle.unit-test";
		};
		0C69C3811D6DA88000FD8BAD /* CucumberishTests */ = {
			isa = PBXNativeTarget;
			buildConfigurationList = 0C69C38B1D6DA88000FD8BAD /* Build configuration list for PBXNativeTarget "CucumberishTests" */;
			buildPhases = (
				67E43F1CF226A8C6A1E60FCD /* [CP] Check Pods Manifest.lock */,
				0C69C37E1D6DA88000FD8BAD /* Sources */,
				0C69C37F1D6DA88000FD8BAD /* Frameworks */,
				0C69C3801D6DA88000FD8BAD /* Resources */,
				D805BBEFFA24336E23CC28BA /* [CP] Embed Pods Frameworks */,
				6CB0D9E54A65561C04C4AD8C /* [CP] Copy Pods Resources */,
			);
			buildRules = (
			);
			dependencies = (
				0C69C3881D6DA88000FD8BAD /* PBXTargetDependency */,
			);
			name = CucumberishTests;
			productName = CucumberishTests;
			productReference = 0C69C3821D6DA88000FD8BAD /* CucumberishTests.xctest */;
			productType = "com.apple.product-type.bundle.unit-test";
		};
/* End PBXNativeTarget section */

/* Begin PBXProject section */
		0C01EA4F1D369F6400E0F279 /* Project object */ = {
			isa = PBXProject;
			attributes = {
				LastSwiftUpdateCheck = 0730;
				LastUpgradeCheck = 0800;
				ORGANIZATIONNAME = mmvdv;
				TargetAttributes = {
					0C01EA561D369F6400E0F279 = {
						CreatedOnToolsVersion = 7.3.1;
						LastSwiftMigration = 0800;
					};
					0C01EA6C1D369F6400E0F279 = {
						CreatedOnToolsVersion = 7.3.1;
						LastSwiftMigration = 0800;
						TestTargetID = 0C01EA561D369F6400E0F279;
					};
					0C69C3811D6DA88000FD8BAD = {
						CreatedOnToolsVersion = 7.3.1;
						LastSwiftMigration = 0800;
						TestTargetID = 0C01EA561D369F6400E0F279;
					};
				};
			};
			buildConfigurationList = 0C01EA521D369F6400E0F279 /* Build configuration list for PBXProject "MVImageViewer" */;
			compatibilityVersion = "Xcode 3.2";
			developmentRegion = English;
			hasScannedForEncodings = 0;
			knownRegions = (
				en,
				Base,
			);
			mainGroup = 0C01EA4E1D369F6400E0F279;
			productRefGroup = 0C01EA581D369F6400E0F279 /* Products */;
			projectDirPath = "";
			projectRoot = "";
			targets = (
				0C01EA561D369F6400E0F279 /* MVImageViewer */,
				0C01EA6C1D369F6400E0F279 /* MVImageViewerTests */,
				0C69C3811D6DA88000FD8BAD /* CucumberishTests */,
			);
		};
/* End PBXProject section */

/* Begin PBXResourcesBuildPhase section */
		0C01EA551D369F6400E0F279 /* Resources */ = {
			isa = PBXResourcesBuildPhase;
			buildActionMask = 2147483647;
			files = (
				0C01EA671D369F6400E0F279 /* LaunchScreen.storyboard in Resources */,
				0C01EA641D369F6400E0F279 /* Assets.xcassets in Resources */,
				0C01EA621D369F6400E0F279 /* Main.storyboard in Resources */,
				7149F81CA772D89497C3F9DD /* .travis.yml in Resources */,
				7149F9DCBD1D912D45CA8F52 /* LICENSE in Resources */,
			);
			runOnlyForDeploymentPostprocessing = 0;
		};
		0C01EA6B1D369F6400E0F279 /* Resources */ = {
			isa = PBXResourcesBuildPhase;
			buildActionMask = 2147483647;
			files = (
			);
			runOnlyForDeploymentPostprocessing = 0;
		};
		0C69C3801D6DA88000FD8BAD /* Resources */ = {
			isa = PBXResourcesBuildPhase;
			buildActionMask = 2147483647;
			files = (
				0C69C38D1D6DB13500FD8BAD /* Features in Resources */,
			);
			runOnlyForDeploymentPostprocessing = 0;
		};
/* End PBXResourcesBuildPhase section */

/* Begin PBXShellScriptBuildPhase section */
		1D426A072AF556FDE251099B /* [CP] Embed Pods Frameworks */ = {
			isa = PBXShellScriptBuildPhase;
			buildActionMask = 2147483647;
			files = (
			);
			inputPaths = (
			);
			name = "[CP] Embed Pods Frameworks";
			outputPaths = (
			);
			runOnlyForDeploymentPostprocessing = 0;
			shellPath = /bin/sh;
			shellScript = "\"${SRCROOT}/Pods/Target Support Files/Pods-MVImageViewer/Pods-MVImageViewer-frameworks.sh\"\n";
		};
		45DDC08B87FDAB950A9754E0 /* [CP] Check Pods Manifest.lock */ = {
			isa = PBXShellScriptBuildPhase;
			buildActionMask = 2147483647;
			files = (
			);
			inputPaths = (
			);
			name = "[CP] Check Pods Manifest.lock";
			outputPaths = (
			);
			runOnlyForDeploymentPostprocessing = 0;
			shellPath = /bin/sh;
			shellScript = "diff \"${PODS_ROOT}/../Podfile.lock\" \"${PODS_ROOT}/Manifest.lock\" > /dev/null\nif [ $? != 0 ] ; then\n    # print error to STDERR\n    echo \"error: The sandbox is not in sync with the Podfile.lock. Run 'pod install' or update your CocoaPods installation.\" >&2\n    exit 1\nfi\n";
		};
		53056FA47FE1DDCFFEC67270 /* [CP] Copy Pods Resources */ = {
			isa = PBXShellScriptBuildPhase;
			buildActionMask = 2147483647;
			files = (
			);
			inputPaths = (
			);
			name = "[CP] Copy Pods Resources";
			outputPaths = (
			);
			runOnlyForDeploymentPostprocessing = 0;
			shellPath = /bin/sh;
			shellScript = "\"${SRCROOT}/Pods/Target Support Files/Pods-MVImageViewerTests/Pods-MVImageViewerTests-resources.sh\"\n";
			showEnvVarsInLog = 0;
		};
		67E43F1CF226A8C6A1E60FCD /* [CP] Check Pods Manifest.lock */ = {
			isa = PBXShellScriptBuildPhase;
			buildActionMask = 2147483647;
			files = (
			);
			inputPaths = (
			);
			name = "[CP] Check Pods Manifest.lock";
			outputPaths = (
			);
			runOnlyForDeploymentPostprocessing = 0;
			shellPath = /bin/sh;
			shellScript = "diff \"${PODS_ROOT}/../Podfile.lock\" \"${PODS_ROOT}/Manifest.lock\" > /dev/null\nif [ $? != 0 ] ; then\n    # print error to STDERR\n    echo \"error: The sandbox is not in sync with the Podfile.lock. Run 'pod install' or update your CocoaPods installation.\" >&2\n    exit 1\nfi\n";
		};
		6CB0D9E54A65561C04C4AD8C /* [CP] Copy Pods Resources */ = {
			isa = PBXShellScriptBuildPhase;
			buildActionMask = 2147483647;
			files = (
			);
			inputPaths = (
			);
			name = "[CP] Copy Pods Resources";
			outputPaths = (
			);
			runOnlyForDeploymentPostprocessing = 0;
			shellPath = /bin/sh;
			shellScript = "\"${SRCROOT}/Pods/Target Support Files/Pods-MVImageViewerTests-CucumberishTests/Pods-MVImageViewerTests-CucumberishTests-resources.sh\"\n";
			showEnvVarsInLog = 0;
		};
		9C862CF82282870B13AE4247 /* [CP] Check Pods Manifest.lock */ = {
			isa = PBXShellScriptBuildPhase;
			buildActionMask = 2147483647;
			files = (
			);
			inputPaths = (
			);
			name = "[CP] Check Pods Manifest.lock";
			outputPaths = (
			);
			runOnlyForDeploymentPostprocessing = 0;
			shellPath = /bin/sh;
			shellScript = "diff \"${PODS_ROOT}/../Podfile.lock\" \"${PODS_ROOT}/Manifest.lock\" > /dev/null\nif [ $? != 0 ] ; then\n    # print error to STDERR\n    echo \"error: The sandbox is not in sync with the Podfile.lock. Run 'pod install' or update your CocoaPods installation.\" >&2\n    exit 1\nfi\n";
		};
		C6A3428F1A953DC5EFD67681 /* [CP] Embed Pods Frameworks */ = {
			isa = PBXShellScriptBuildPhase;
			buildActionMask = 2147483647;
			files = (
			);
			inputPaths = (
			);
			name = "[CP] Embed Pods Frameworks";
			outputPaths = (
			);
			runOnlyForDeploymentPostprocessing = 0;
			shellPath = /bin/sh;
			shellScript = "\"${SRCROOT}/Pods/Target Support Files/Pods-MVImageViewerTests/Pods-MVImageViewerTests-frameworks.sh\"\n";
			showEnvVarsInLog = 0;
		};
		D805BBEFFA24336E23CC28BA /* [CP] Embed Pods Frameworks */ = {
			isa = PBXShellScriptBuildPhase;
			buildActionMask = 2147483647;
			files = (
			);
			inputPaths = (
			);
			name = "[CP] Embed Pods Frameworks";
			outputPaths = (
			);
			runOnlyForDeploymentPostprocessing = 0;
			shellPath = /bin/sh;
			shellScript = "\"${SRCROOT}/Pods/Target Support Files/Pods-MVImageViewerTests-CucumberishTests/Pods-MVImageViewerTests-CucumberishTests-frameworks.sh\"\n";
			showEnvVarsInLog = 0;
		};
		F39B1ECE17B7BBC102A667F4 /* [CP] Copy Pods Resources */ = {
			isa = PBXShellScriptBuildPhase;
			buildActionMask = 2147483647;
			files = (
			);
			inputPaths = (
			);
			name = "[CP] Copy Pods Resources";
			outputPaths = (
			);
			runOnlyForDeploymentPostprocessing = 0;
			shellPath = /bin/sh;
			shellScript = "\"${SRCROOT}/Pods/Target Support Files/Pods-MVImageViewer/Pods-MVImageViewer-resources.sh\"\n";
		};
/* End PBXShellScriptBuildPhase section */

/* Begin PBXSourcesBuildPhase section */
		0C01EA531D369F6400E0F279 /* Sources */ = {
			isa = PBXSourcesBuildPhase;
			buildActionMask = 2147483647;
			files = (
				0C01EA5F1D369F6400E0F279 /* DetailViewController.swift in Sources */,
				0C01EA5D1D369F6400E0F279 /* MasterViewController.swift in Sources */,
				7149F6EB966085D901A6728D /* AppDelegate.swift in Sources */,
			);
			runOnlyForDeploymentPostprocessing = 0;
		};
		0C01EA691D369F6400E0F279 /* Sources */ = {
			isa = PBXSourcesBuildPhase;
			buildActionMask = 2147483647;
			files = (
				0C649D751D36E28D00BAC631 /* MasterViewControllerTests.swift in Sources */,
				0C649D771D377ACC00BAC631 /* InsertionTableView.swift in Sources */,
				0C649D731D36DE7A00BAC631 /* UIViewControllerTestExtensions.swift in Sources */,
				0C01EA721D369F6400E0F279 /* DetailViewControllerTests.swift in Sources */,
			);
			runOnlyForDeploymentPostprocessing = 0;
		};
		0C69C37E1D6DA88000FD8BAD /* Sources */ = {
			isa = PBXSourcesBuildPhase;
			buildActionMask = 2147483647;
			files = (
				0C69C3851D6DA88000FD8BAD /* CucumberishTests.swift in Sources */,
				0CB4CD2C1D702C2D00DF55F1 /* StepDefinitions.swift in Sources */,
				0CB4CD2A1D70279900DF55F1 /* CucumberishInitializer.m in Sources */,
				7149F3AC8C4580D752A763FD /* NSIndexPath+Testing.swift in Sources */,
				7149F088D5405661B1713677 /* NSObject+KIFTestActorDelegate.swift in Sources */,
			);
			runOnlyForDeploymentPostprocessing = 0;
		};
/* End PBXSourcesBuildPhase section */

/* Begin PBXTargetDependency section */
		0C01EA6F1D369F6400E0F279 /* PBXTargetDependency */ = {
			isa = PBXTargetDependency;
			target = 0C01EA561D369F6400E0F279 /* MVImageViewer */;
			targetProxy = 0C01EA6E1D369F6400E0F279 /* PBXContainerItemProxy */;
		};
		0C69C3881D6DA88000FD8BAD /* PBXTargetDependency */ = {
			isa = PBXTargetDependency;
			target = 0C01EA561D369F6400E0F279 /* MVImageViewer */;
			targetProxy = 0C69C3871D6DA88000FD8BAD /* PBXContainerItemProxy */;
		};
/* End PBXTargetDependency section */

/* Begin PBXVariantGroup section */
		0C01EA601D369F6400E0F279 /* Main.storyboard */ = {
			isa = PBXVariantGroup;
			children = (
				0C01EA611D369F6400E0F279 /* Base */,
			);
			name = Main.storyboard;
			sourceTree = "<group>";
		};
		0C01EA651D369F6400E0F279 /* LaunchScreen.storyboard */ = {
			isa = PBXVariantGroup;
			children = (
				0C01EA661D369F6400E0F279 /* Base */,
			);
			name = LaunchScreen.storyboard;
			path = ..;
			sourceTree = "<group>";
		};
/* End PBXVariantGroup section */

/* Begin XCBuildConfiguration section */
		0C01EA741D369F6400E0F279 /* Debug */ = {
			isa = XCBuildConfiguration;
			buildSettings = {
				ALWAYS_SEARCH_USER_PATHS = NO;
				CLANG_ANALYZER_NONNULL = YES;
				CLANG_CXX_LANGUAGE_STANDARD = "gnu++0x";
				CLANG_CXX_LIBRARY = "libc++";
				CLANG_ENABLE_MODULES = YES;
				CLANG_ENABLE_OBJC_ARC = YES;
				CLANG_WARN_BOOL_CONVERSION = YES;
				CLANG_WARN_CONSTANT_CONVERSION = YES;
				CLANG_WARN_DIRECT_OBJC_ISA_USAGE = YES_ERROR;
				CLANG_WARN_EMPTY_BODY = YES;
				CLANG_WARN_ENUM_CONVERSION = YES;
				CLANG_WARN_INFINITE_RECURSION = YES;
				CLANG_WARN_INT_CONVERSION = YES;
				CLANG_WARN_OBJC_ROOT_CLASS = YES_ERROR;
				CLANG_WARN_SUSPICIOUS_MOVE = YES;
				CLANG_WARN_UNREACHABLE_CODE = YES;
				CLANG_WARN__DUPLICATE_METHOD_MATCH = YES;
				COPY_PHASE_STRIP = NO;
				DEBUG_INFORMATION_FORMAT = dwarf;
				ENABLE_STRICT_OBJC_MSGSEND = YES;
				ENABLE_TESTABILITY = YES;
				GCC_C_LANGUAGE_STANDARD = gnu99;
				GCC_DYNAMIC_NO_PIC = NO;
				GCC_NO_COMMON_BLOCKS = YES;
				GCC_OPTIMIZATION_LEVEL = 0;
				GCC_PREPROCESSOR_DEFINITIONS = (
					"DEBUG=1",
					"$(inherited)",
				);
				GCC_WARN_64_TO_32_BIT_CONVERSION = YES;
				GCC_WARN_ABOUT_RETURN_TYPE = YES_ERROR;
				GCC_WARN_UNDECLARED_SELECTOR = YES;
				GCC_WARN_UNINITIALIZED_AUTOS = YES_AGGRESSIVE;
				GCC_WARN_UNUSED_FUNCTION = YES;
				GCC_WARN_UNUSED_VARIABLE = YES;
				IPHONEOS_DEPLOYMENT_TARGET = 9.3;
				MTL_ENABLE_DEBUG_INFO = YES;
				ONLY_ACTIVE_ARCH = YES;
				OTHER_LDFLAGS = (
					"-ObjC",
					"$(inherited)",
				);
				SDKROOT = iphoneos;
				SWIFT_OPTIMIZATION_LEVEL = "-Onone";
				SWIFT_VERSION = 3.0;
				TARGETED_DEVICE_FAMILY = "1,2";
			};
			name = Debug;
		};
		0C01EA751D369F6400E0F279 /* Release */ = {
			isa = XCBuildConfiguration;
			buildSettings = {
				ALWAYS_SEARCH_USER_PATHS = NO;
				CLANG_ANALYZER_NONNULL = YES;
				CLANG_CXX_LANGUAGE_STANDARD = "gnu++0x";
				CLANG_CXX_LIBRARY = "libc++";
				CLANG_ENABLE_MODULES = YES;
				CLANG_ENABLE_OBJC_ARC = YES;
				CLANG_WARN_BOOL_CONVERSION = YES;
				CLANG_WARN_CONSTANT_CONVERSION = YES;
				CLANG_WARN_DIRECT_OBJC_ISA_USAGE = YES_ERROR;
				CLANG_WARN_EMPTY_BODY = YES;
				CLANG_WARN_ENUM_CONVERSION = YES;
				CLANG_WARN_INFINITE_RECURSION = YES;
				CLANG_WARN_INT_CONVERSION = YES;
				CLANG_WARN_OBJC_ROOT_CLASS = YES_ERROR;
				CLANG_WARN_SUSPICIOUS_MOVE = YES;
				CLANG_WARN_UNREACHABLE_CODE = YES;
				CLANG_WARN__DUPLICATE_METHOD_MATCH = YES;
				COPY_PHASE_STRIP = NO;
				DEBUG_INFORMATION_FORMAT = "dwarf-with-dsym";
				ENABLE_NS_ASSERTIONS = NO;
				ENABLE_STRICT_OBJC_MSGSEND = YES;
				GCC_C_LANGUAGE_STANDARD = gnu99;
				GCC_NO_COMMON_BLOCKS = YES;
				GCC_WARN_64_TO_32_BIT_CONVERSION = YES;
				GCC_WARN_ABOUT_RETURN_TYPE = YES_ERROR;
				GCC_WARN_UNDECLARED_SELECTOR = YES;
				GCC_WARN_UNINITIALIZED_AUTOS = YES_AGGRESSIVE;
				GCC_WARN_UNUSED_FUNCTION = YES;
				GCC_WARN_UNUSED_VARIABLE = YES;
				IPHONEOS_DEPLOYMENT_TARGET = 9.3;
				MTL_ENABLE_DEBUG_INFO = NO;
				OTHER_LDFLAGS = (
					"-ObjC",
					"$(inherited)",
				);
				SDKROOT = iphoneos;
				SWIFT_OPTIMIZATION_LEVEL = "-Owholemodule";
				SWIFT_VERSION = 3.0;
				TARGETED_DEVICE_FAMILY = "1,2";
				VALIDATE_PRODUCT = YES;
			};
			name = Release;
		};
		0C01EA771D369F6400E0F279 /* Debug */ = {
			isa = XCBuildConfiguration;
			baseConfigurationReference = DD5B995EC504883177B1D183 /* Pods-MVImageViewer.debug.xcconfig */;
			buildSettings = {
				ASSETCATALOG_COMPILER_APPICON_NAME = AppIcon;
				INFOPLIST_FILE = "$(SRCROOT)/MVImageViewer/Supporting Files/Info.plist";
				LD_RUNPATH_SEARCH_PATHS = "$(inherited) @executable_path/Frameworks";
				PRODUCT_BUNDLE_IDENTIFIER = com.mmvdv.MVImageViewer;
				PRODUCT_NAME = "$(TARGET_NAME)";
			};
			name = Debug;
		};
		0C01EA781D369F6400E0F279 /* Release */ = {
			isa = XCBuildConfiguration;
			baseConfigurationReference = F58465F7D81CDDA115007CD2 /* Pods-MVImageViewer.release.xcconfig */;
			buildSettings = {
				ASSETCATALOG_COMPILER_APPICON_NAME = AppIcon;
				INFOPLIST_FILE = "$(SRCROOT)/MVImageViewer/Supporting Files/Info.plist";
				LD_RUNPATH_SEARCH_PATHS = "$(inherited) @executable_path/Frameworks";
				PRODUCT_BUNDLE_IDENTIFIER = com.mmvdv.MVImageViewer;
				PRODUCT_NAME = "$(TARGET_NAME)";
			};
			name = Release;
		};
		0C01EA7A1D369F6400E0F279 /* Debug */ = {
			isa = XCBuildConfiguration;
			baseConfigurationReference = 5B402DB733F48D083CA071D7 /* Pods-MVImageViewerTests.debug.xcconfig */;
			buildSettings = {
				ALWAYS_EMBED_SWIFT_STANDARD_LIBRARIES = YES;
				BUNDLE_LOADER = "$(TEST_HOST)";
				INFOPLIST_FILE = MVImageViewerTests/Info.plist;
				LD_RUNPATH_SEARCH_PATHS = "$(inherited) @executable_path/Frameworks @loader_path/Frameworks";
				PRODUCT_BUNDLE_IDENTIFIER = com.mmvdv.MVImageViewerTests;
				PRODUCT_NAME = "$(TARGET_NAME)";
				TEST_HOST = "$(BUILT_PRODUCTS_DIR)/MVImageViewer.app/MVImageViewer";
			};
			name = Debug;
		};
		0C01EA7B1D369F6400E0F279 /* Release */ = {
			isa = XCBuildConfiguration;
			baseConfigurationReference = 1E50EA51C25FFFB20EB01FB6 /* Pods-MVImageViewerTests.release.xcconfig */;
			buildSettings = {
				ALWAYS_EMBED_SWIFT_STANDARD_LIBRARIES = YES;
				BUNDLE_LOADER = "$(TEST_HOST)";
				INFOPLIST_FILE = MVImageViewerTests/Info.plist;
				LD_RUNPATH_SEARCH_PATHS = "$(inherited) @executable_path/Frameworks @loader_path/Frameworks";
				PRODUCT_BUNDLE_IDENTIFIER = com.mmvdv.MVImageViewerTests;
				PRODUCT_NAME = "$(TARGET_NAME)";
				TEST_HOST = "$(BUILT_PRODUCTS_DIR)/MVImageViewer.app/MVImageViewer";
			};
			name = Release;
		};
		0C69C3891D6DA88000FD8BAD /* Debug */ = {
			isa = XCBuildConfiguration;
			baseConfigurationReference = 5090F2B00C7F1893F8B5F5E8 /* Pods-MVImageViewerTests-CucumberishTests.debug.xcconfig */;
			buildSettings = {
				ALWAYS_EMBED_SWIFT_STANDARD_LIBRARIES = YES;
				BUNDLE_LOADER = "$(TEST_HOST)";
				CLANG_ENABLE_MODULES = YES;
				"CODE_SIGN_IDENTITY[sdk=iphoneos*]" = "iPhone Developer";
				INFOPLIST_FILE = CucumberishTests/Info.plist;
				LD_RUNPATH_SEARCH_PATHS = "$(inherited) @executable_path/Frameworks @loader_path/Frameworks";
				PRODUCT_BUNDLE_IDENTIFIER = com.mmvdv.CucumberishTests;
				PRODUCT_NAME = "$(TARGET_NAME)";
				SWIFT_OBJC_BRIDGING_HEADER = "CucumberishTests/CucumberishTests-Bridging-Header.h";
				SWIFT_OPTIMIZATION_LEVEL = "-Onone";
				TEST_HOST = "$(BUILT_PRODUCTS_DIR)/MVImageViewer.app/MVImageViewer";
			};
			name = Debug;
		};
		0C69C38A1D6DA88000FD8BAD /* Release */ = {
			isa = XCBuildConfiguration;
			baseConfigurationReference = CF68BF7CC606C8C8E6B3C711 /* Pods-MVImageViewerTests-CucumberishTests.release.xcconfig */;
			buildSettings = {
				ALWAYS_EMBED_SWIFT_STANDARD_LIBRARIES = YES;
				BUNDLE_LOADER = "$(TEST_HOST)";
				CLANG_ENABLE_MODULES = YES;
				"CODE_SIGN_IDENTITY[sdk=iphoneos*]" = "iPhone Developer";
				INFOPLIST_FILE = CucumberishTests/Info.plist;
				LD_RUNPATH_SEARCH_PATHS = "$(inherited) @executable_path/Frameworks @loader_path/Frameworks";
				PRODUCT_BUNDLE_IDENTIFIER = com.mmvdv.CucumberishTests;
				PRODUCT_NAME = "$(TARGET_NAME)";
				SWIFT_OBJC_BRIDGING_HEADER = "CucumberishTests/CucumberishTests-Bridging-Header.h";
				TEST_HOST = "$(BUILT_PRODUCTS_DIR)/MVImageViewer.app/MVImageViewer";
			};
			name = Release;
		};
/* End XCBuildConfiguration section */

/* Begin XCConfigurationList section */
		0C01EA521D369F6400E0F279 /* Build configuration list for PBXProject "MVImageViewer" */ = {
			isa = XCConfigurationList;
			buildConfigurations = (
				0C01EA741D369F6400E0F279 /* Debug */,
				0C01EA751D369F6400E0F279 /* Release */,
			);
			defaultConfigurationIsVisible = 0;
			defaultConfigurationName = Release;
		};
		0C01EA761D369F6400E0F279 /* Build configuration list for PBXNativeTarget "MVImageViewer" */ = {
			isa = XCConfigurationList;
			buildConfigurations = (
				0C01EA771D369F6400E0F279 /* Debug */,
				0C01EA781D369F6400E0F279 /* Release */,
			);
			defaultConfigurationIsVisible = 0;
			defaultConfigurationName = Release;
		};
		0C01EA791D369F6400E0F279 /* Build configuration list for PBXNativeTarget "MVImageViewerTests" */ = {
			isa = XCConfigurationList;
			buildConfigurations = (
				0C01EA7A1D369F6400E0F279 /* Debug */,
				0C01EA7B1D369F6400E0F279 /* Release */,
			);
			defaultConfigurationIsVisible = 0;
			defaultConfigurationName = Release;
		};
		0C69C38B1D6DA88000FD8BAD /* Build configuration list for PBXNativeTarget "CucumberishTests" */ = {
			isa = XCConfigurationList;
			buildConfigurations = (
				0C69C3891D6DA88000FD8BAD /* Debug */,
				0C69C38A1D6DA88000FD8BAD /* Release */,
			);
			defaultConfigurationIsVisible = 0;
			defaultConfigurationName = Release;
		};
/* End XCConfigurationList section */
	};
	rootObject = 0C01EA4F1D369F6400E0F279 /* Project object */;
}
