// !$*UTF8*$!
{
	archiveVersion = 1;
	classes = {
	};
	objectVersion = 46;
	objects = {

/* Begin PBXBuildFile section */
		0C3336681CB38FE600AE957E /* DataControllerDelegate.swift in Sources */ = {isa = PBXBuildFile; fileRef = 0CA5B9E01CA40B1C007C4132 /* DataControllerDelegate.swift */; };
		0C57EDE61C491051009D3DA1 /* Indexable.swift in Sources */ = {isa = PBXBuildFile; fileRef = 0C57EDE51C491051009D3DA1 /* Indexable.swift */; };
		0C5E12961C44E72700D0366E /* NoteTableViewCell.swift in Sources */ = {isa = PBXBuildFile; fileRef = 0C5E12951C44E72700D0366E /* NoteTableViewCell.swift */; };
		0C5E12981C44E75200D0366E /* ViewData.swift in Sources */ = {isa = PBXBuildFile; fileRef = 0C5E12971C44E75200D0366E /* ViewData.swift */; };
		0C5E129A1C44E79800D0366E /* ImageTableViewCell.swift in Sources */ = {isa = PBXBuildFile; fileRef = 0C5E12991C44E79800D0366E /* ImageTableViewCell.swift */; };
		0C6AFD701CB6B5E6009FDF56 /* DataController.swift in Sources */ = {isa = PBXBuildFile; fileRef = 0C6AFD6F1CB6B5E6009FDF56 /* DataController.swift */; };
		0C6AFD711CB6B5E6009FDF56 /* DataController.swift in Sources */ = {isa = PBXBuildFile; fileRef = 0C6AFD6F1CB6B5E6009FDF56 /* DataController.swift */; };
		0C6AFD761CB6B874009FDF56 /* CellConfigurator.swift in Sources */ = {isa = PBXBuildFile; fileRef = 0C6AFD751CB6B874009FDF56 /* CellConfigurator.swift */; };
		0C8435E21C915841001C6141 /* ShareViewController.swift in Sources */ = {isa = PBXBuildFile; fileRef = 0C8435E11C915841001C6141 /* ShareViewController.swift */; };
		0C8435E51C915841001C6141 /* MainInterface.storyboard in Resources */ = {isa = PBXBuildFile; fileRef = 0C8435E31C915841001C6141 /* MainInterface.storyboard */; };
		0C8435E91C915841001C6141 /* Share.appex in Embed App Extensions */ = {isa = PBXBuildFile; fileRef = 0C8435DF1C915841001C6141 /* Share.appex */; settings = {ATTRIBUTES = (RemoveHeadersOnCopy, ); }; };
		0C8F4E951C59356F004ADF27 /* ContactTableViewCell.swift in Sources */ = {isa = PBXBuildFile; fileRef = 0C8F4E941C59356F004ADF27 /* ContactTableViewCell.swift */; };
		0CA5B9E11CA40B1C007C4132 /* DataControllerDelegate.swift in Sources */ = {isa = PBXBuildFile; fileRef = 0CA5B9E01CA40B1C007C4132 /* DataControllerDelegate.swift */; };
		0CC78FBD1CBE9D410060502C /* Assets.xcassets in Resources */ = {isa = PBXBuildFile; fileRef = 0CF852E91C439402007CB94D /* Assets.xcassets */; };
		0CE51E0D1C9ACCBE00C937FF /* Note.swift in Sources */ = {isa = PBXBuildFile; fileRef = 7149F7DE2EC93576F8329A03 /* Note.swift */; };
		0CE51E0E1C9ACCC200C937FF /* Storage.swift in Sources */ = {isa = PBXBuildFile; fileRef = 0CFA50001C4570B2004067EE /* Storage.swift */; };
		0CE51E0F1C9ACDBC00C937FF /* Note+CoreDataProperties.swift in Sources */ = {isa = PBXBuildFile; fileRef = 7149F7D79CC3B56BB537AEB4 /* Note+CoreDataProperties.swift */; };
		0CE51E101C9ACDC200C937FF /* SearchDemo.xcdatamodeld in Sources */ = {isa = PBXBuildFile; fileRef = 0CF852E61C439402007CB94D /* SearchDemo.xcdatamodeld */; };
		0CE51E111C9ACDEB00C937FF /* Indexable.swift in Sources */ = {isa = PBXBuildFile; fileRef = 0C57EDE51C491051009D3DA1 /* Indexable.swift */; };
		0CE51E121C9ACE0700C937FF /* Contact.swift in Sources */ = {isa = PBXBuildFile; fileRef = 7149F7B56EDCA22F17B15A4B /* Contact.swift */; };
		0CE51E131C9ACE0A00C937FF /* Image.swift in Sources */ = {isa = PBXBuildFile; fileRef = 7149F8C3E74E3E33F3B379AC /* Image.swift */; };
		0CE51E141C9ACE1000C937FF /* Image+CoreDataProperties.swift in Sources */ = {isa = PBXBuildFile; fileRef = 7149F534AFFC65B1EB7ADF51 /* Image+CoreDataProperties.swift */; };
		0CE51E151C9ACE1000C937FF /* Contact+CoreDataProperties.swift in Sources */ = {isa = PBXBuildFile; fileRef = 7149FA0C0D95E7B5DCF7880D /* Contact+CoreDataProperties.swift */; };
		0CE51E1A1C9BD69C00C937FF /* DataFactory.swift in Sources */ = {isa = PBXBuildFile; fileRef = 0CE51E191C9BD69C00C937FF /* DataFactory.swift */; };
		0CE51E1B1C9BE18900C937FF /* DataFactory.swift in Sources */ = {isa = PBXBuildFile; fileRef = 0CE51E191C9BD69C00C937FF /* DataFactory.swift */; };
		0CF852E01C439402007CB94D /* AppDelegate.swift in Sources */ = {isa = PBXBuildFile; fileRef = 0CF852DF1C439402007CB94D /* AppDelegate.swift */; };
		0CF852E21C439402007CB94D /* ViewController.swift in Sources */ = {isa = PBXBuildFile; fileRef = 0CF852E11C439402007CB94D /* ViewController.swift */; };
		0CF852E51C439402007CB94D /* Main.storyboard in Resources */ = {isa = PBXBuildFile; fileRef = 0CF852E31C439402007CB94D /* Main.storyboard */; };
		0CF852E81C439402007CB94D /* SearchDemo.xcdatamodeld in Sources */ = {isa = PBXBuildFile; fileRef = 0CF852E61C439402007CB94D /* SearchDemo.xcdatamodeld */; };
		0CF852EA1C439402007CB94D /* Assets.xcassets in Resources */ = {isa = PBXBuildFile; fileRef = 0CF852E91C439402007CB94D /* Assets.xcassets */; };
		0CF852ED1C439403007CB94D /* LaunchScreen.storyboard in Resources */ = {isa = PBXBuildFile; fileRef = 0CF852EB1C439403007CB94D /* LaunchScreen.storyboard */; };
		0CF852F81C439403007CB94D /* SearchDemoTests.swift in Sources */ = {isa = PBXBuildFile; fileRef = 0CF852F71C439403007CB94D /* SearchDemoTests.swift */; };
		0CFA50011C4570B2004067EE /* Storage.swift in Sources */ = {isa = PBXBuildFile; fileRef = 0CFA50001C4570B2004067EE /* Storage.swift */; };
		4EE70A43ADD0C0F15AFDFAC3 /* Pods_SearchDemo.framework in Frameworks */ = {isa = PBXBuildFile; fileRef = 9CC5DD0542A0A30DBB149941 /* Pods_SearchDemo.framework */; };
		7149F35F1868142635865370 /* CellConfiguratorType.swift in Sources */ = {isa = PBXBuildFile; fileRef = 7149F0ED1DC2D21D625E350C /* CellConfiguratorType.swift */; };
		7149F4AD694174932B63568B /* Updatable.swift in Sources */ = {isa = PBXBuildFile; fileRef = 7149F774DE66BC27ABC70E95 /* Updatable.swift */; };
		7149F528A23551DE554762C5 /* Image+CoreDataProperties.swift in Sources */ = {isa = PBXBuildFile; fileRef = 7149F534AFFC65B1EB7ADF51 /* Image+CoreDataProperties.swift */; };
		7149F5D916974ED305F14C00 /* Image.swift in Sources */ = {isa = PBXBuildFile; fileRef = 7149F8C3E74E3E33F3B379AC /* Image.swift */; };
		7149F6C1362FCDA8A3062384 /* Note.swift in Sources */ = {isa = PBXBuildFile; fileRef = 7149F7DE2EC93576F8329A03 /* Note.swift */; };
		7149F880D03629DB1933EED8 /* Note+CoreDataProperties.swift in Sources */ = {isa = PBXBuildFile; fileRef = 7149F7D79CC3B56BB537AEB4 /* Note+CoreDataProperties.swift */; };
		7149F93E8EDB0CD7E113E3E1 /* Contact+CoreDataProperties.swift in Sources */ = {isa = PBXBuildFile; fileRef = 7149FA0C0D95E7B5DCF7880D /* Contact+CoreDataProperties.swift */; };
		7149FB4D710732083E9B836B /* Contact.swift in Sources */ = {isa = PBXBuildFile; fileRef = 7149F7B56EDCA22F17B15A4B /* Contact.swift */; };
		88870F43A8937D531FE5264E /* Pods_SearchDemoTests.framework in Frameworks */ = {isa = PBXBuildFile; fileRef = 9354FE0C70A85324B09A98C3 /* Pods_SearchDemoTests.framework */; };
		F8729E861C557B8C00572D1A /* SearchDemo.entitlements in Resources */ = {isa = PBXBuildFile; fileRef = F8729E841C5533B500572D1A /* SearchDemo.entitlements */; };
		F87C02BD1C470D850079D7A7 /* DetailViewController.swift in Sources */ = {isa = PBXBuildFile; fileRef = F87C02BC1C470D850079D7A7 /* DetailViewController.swift */; };
		F8DC0CFD1C98AB49001FA508 /* ActionViewController.swift in Sources */ = {isa = PBXBuildFile; fileRef = F8DC0CFC1C98AB49001FA508 /* ActionViewController.swift */; };
		F8DC0D001C98AB49001FA508 /* MainInterface.storyboard in Resources */ = {isa = PBXBuildFile; fileRef = F8DC0CFE1C98AB49001FA508 /* MainInterface.storyboard */; };
		F8DC0D041C98AB49001FA508 /* SearchActions.appex in Embed App Extensions */ = {isa = PBXBuildFile; fileRef = F8DC0CFA1C98AB49001FA508 /* SearchActions.appex */; settings = {ATTRIBUTES = (RemoveHeadersOnCopy, ); }; };
		F8DC0D081C98B93E001FA508 /* Assets.xcassets in Resources */ = {isa = PBXBuildFile; fileRef = 0CF852E91C439402007CB94D /* Assets.xcassets */; };
		F8E01CE11CB7C207004652F5 /* Storage.swift in Sources */ = {isa = PBXBuildFile; fileRef = 0CFA50001C4570B2004067EE /* Storage.swift */; };
		F8E01CE21CB7C20C004652F5 /* DataFactory.swift in Sources */ = {isa = PBXBuildFile; fileRef = 0CE51E191C9BD69C00C937FF /* DataFactory.swift */; };
		F8E01CE31CB7C236004652F5 /* DataController.swift in Sources */ = {isa = PBXBuildFile; fileRef = 0C6AFD6F1CB6B5E6009FDF56 /* DataController.swift */; };
		F8E01CE41CB7C23E004652F5 /* Contact.swift in Sources */ = {isa = PBXBuildFile; fileRef = 7149F7B56EDCA22F17B15A4B /* Contact.swift */; };
		F8E01CE51CB7C241004652F5 /* Image.swift in Sources */ = {isa = PBXBuildFile; fileRef = 7149F8C3E74E3E33F3B379AC /* Image.swift */; };
		F8E01CE61CB7C244004652F5 /* Image+CoreDataProperties.swift in Sources */ = {isa = PBXBuildFile; fileRef = 7149F534AFFC65B1EB7ADF51 /* Image+CoreDataProperties.swift */; };
		F8E01CE71CB7C246004652F5 /* Note+CoreDataProperties.swift in Sources */ = {isa = PBXBuildFile; fileRef = 7149F7D79CC3B56BB537AEB4 /* Note+CoreDataProperties.swift */; };
		F8E01CE81CB7C249004652F5 /* Contact+CoreDataProperties.swift in Sources */ = {isa = PBXBuildFile; fileRef = 7149FA0C0D95E7B5DCF7880D /* Contact+CoreDataProperties.swift */; };
		F8E01CE91CB7C254004652F5 /* Note.swift in Sources */ = {isa = PBXBuildFile; fileRef = 7149F7DE2EC93576F8329A03 /* Note.swift */; };
		F8E01CEA1CB7C25D004652F5 /* DataControllerDelegate.swift in Sources */ = {isa = PBXBuildFile; fileRef = 0CA5B9E01CA40B1C007C4132 /* DataControllerDelegate.swift */; };
		F8E01CEB1CB7C28E004652F5 /* Indexable.swift in Sources */ = {isa = PBXBuildFile; fileRef = 0C57EDE51C491051009D3DA1 /* Indexable.swift */; };
		F8E01CEC1CB7C31D004652F5 /* SearchDemo.xcdatamodeld in Sources */ = {isa = PBXBuildFile; fileRef = 0CF852E61C439402007CB94D /* SearchDemo.xcdatamodeld */; };
		F8E01DB01CBD08FD004652F5 /* URLs.swift in Sources */ = {isa = PBXBuildFile; fileRef = F8E01DAF1CBD08FD004652F5 /* URLs.swift */; };
		F8E01DB11CBD08FD004652F5 /* URLs.swift in Sources */ = {isa = PBXBuildFile; fileRef = F8E01DAF1CBD08FD004652F5 /* URLs.swift */; };
		F8E01DB21CBD08FD004652F5 /* URLs.swift in Sources */ = {isa = PBXBuildFile; fileRef = F8E01DAF1CBD08FD004652F5 /* URLs.swift */; };
/* End PBXBuildFile section */

/* Begin PBXContainerItemProxy section */
		0C8435E71C915841001C6141 /* PBXContainerItemProxy */ = {
			isa = PBXContainerItemProxy;
			containerPortal = 0CF852D41C439402007CB94D /* Project object */;
			proxyType = 1;
			remoteGlobalIDString = 0C8435DE1C915841001C6141;
			remoteInfo = Share;
		};
		0CF852F41C439403007CB94D /* PBXContainerItemProxy */ = {
			isa = PBXContainerItemProxy;
			containerPortal = 0CF852D41C439402007CB94D /* Project object */;
			proxyType = 1;
			remoteGlobalIDString = 0CF852DB1C439402007CB94D;
			remoteInfo = SearchDemo;
		};
		F8DC0D021C98AB49001FA508 /* PBXContainerItemProxy */ = {
			isa = PBXContainerItemProxy;
			containerPortal = 0CF852D41C439402007CB94D /* Project object */;
			proxyType = 1;
			remoteGlobalIDString = F8DC0CF91C98AB49001FA508;
			remoteInfo = SearchActions;
		};
/* End PBXContainerItemProxy section */

/* Begin PBXCopyFilesBuildPhase section */
		0C8435ED1C915842001C6141 /* Embed App Extensions */ = {
			isa = PBXCopyFilesBuildPhase;
			buildActionMask = 2147483647;
			dstPath = "";
			dstSubfolderSpec = 13;
			files = (
				F8DC0D041C98AB49001FA508 /* SearchActions.appex in Embed App Extensions */,
				0C8435E91C915841001C6141 /* Share.appex in Embed App Extensions */,
			);
			name = "Embed App Extensions";
			runOnlyForDeploymentPostprocessing = 0;
		};
/* End PBXCopyFilesBuildPhase section */

/* Begin PBXFileReference section */
		08BAEBB352F249708B0FFC13 /* Pods-SearchDemo.release.xcconfig */ = {isa = PBXFileReference; includeInIndex = 1; lastKnownFileType = text.xcconfig; name = "Pods-SearchDemo.release.xcconfig"; path = "Pods/Target Support Files/Pods-SearchDemo/Pods-SearchDemo.release.xcconfig"; sourceTree = "<group>"; };
		0C2FD4E21CB7BDA200DBBFF8 /* SearchActions.entitlements */ = {isa = PBXFileReference; lastKnownFileType = text.xml; path = SearchActions.entitlements; sourceTree = "<group>"; };
		0C57EDE51C491051009D3DA1 /* Indexable.swift */ = {isa = PBXFileReference; fileEncoding = 4; lastKnownFileType = sourcecode.swift; name = Indexable.swift; path = SearchDemo/Indexable.swift; sourceTree = "<group>"; };
		0C5E12951C44E72700D0366E /* NoteTableViewCell.swift */ = {isa = PBXFileReference; fileEncoding = 4; lastKnownFileType = sourcecode.swift; path = NoteTableViewCell.swift; sourceTree = "<group>"; };
		0C5E12971C44E75200D0366E /* ViewData.swift */ = {isa = PBXFileReference; fileEncoding = 4; lastKnownFileType = sourcecode.swift; path = ViewData.swift; sourceTree = "<group>"; };
		0C5E12991C44E79800D0366E /* ImageTableViewCell.swift */ = {isa = PBXFileReference; fileEncoding = 4; lastKnownFileType = sourcecode.swift; path = ImageTableViewCell.swift; sourceTree = "<group>"; };
		0C6AFD6F1CB6B5E6009FDF56 /* DataController.swift */ = {isa = PBXFileReference; fileEncoding = 4; lastKnownFileType = sourcecode.swift; name = DataController.swift; path = SearchDemo/DataModel/DataController.swift; sourceTree = "<group>"; };
		0C6AFD751CB6B874009FDF56 /* CellConfigurator.swift */ = {isa = PBXFileReference; fileEncoding = 4; lastKnownFileType = sourcecode.swift; path = CellConfigurator.swift; sourceTree = "<group>"; };
		0C8435DF1C915841001C6141 /* Share.appex */ = {isa = PBXFileReference; explicitFileType = "wrapper.app-extension"; includeInIndex = 0; path = Share.appex; sourceTree = BUILT_PRODUCTS_DIR; };
		0C8435E11C915841001C6141 /* ShareViewController.swift */ = {isa = PBXFileReference; lastKnownFileType = sourcecode.swift; path = ShareViewController.swift; sourceTree = "<group>"; };
		0C8435E41C915841001C6141 /* Base */ = {isa = PBXFileReference; lastKnownFileType = file.storyboard; name = Base; path = Base.lproj/MainInterface.storyboard; sourceTree = "<group>"; };
		0C8435E61C915841001C6141 /* Info.plist */ = {isa = PBXFileReference; lastKnownFileType = text.plist.xml; path = Info.plist; sourceTree = "<group>"; };
		0C8F4E941C59356F004ADF27 /* ContactTableViewCell.swift */ = {isa = PBXFileReference; fileEncoding = 4; lastKnownFileType = sourcecode.swift; path = ContactTableViewCell.swift; sourceTree = "<group>"; };
		0CA5B9E01CA40B1C007C4132 /* DataControllerDelegate.swift */ = {isa = PBXFileReference; fileEncoding = 4; lastKnownFileType = sourcecode.swift; name = DataControllerDelegate.swift; path = SearchDemoTests/DataControllerDelegate.swift; sourceTree = "<group>"; };
		0CE51E161C9AD12A00C937FF /* Share.entitlements */ = {isa = PBXFileReference; lastKnownFileType = text.xml; path = Share.entitlements; sourceTree = "<group>"; };
		0CE51E191C9BD69C00C937FF /* DataFactory.swift */ = {isa = PBXFileReference; fileEncoding = 4; lastKnownFileType = sourcecode.swift; name = DataFactory.swift; path = SearchDemo/DataModel/DataFactory.swift; sourceTree = "<group>"; };
		0CF852DC1C439402007CB94D /* SearchDemo.app */ = {isa = PBXFileReference; explicitFileType = wrapper.application; includeInIndex = 0; path = SearchDemo.app; sourceTree = BUILT_PRODUCTS_DIR; };
		0CF852DF1C439402007CB94D /* AppDelegate.swift */ = {isa = PBXFileReference; lastKnownFileType = sourcecode.swift; path = AppDelegate.swift; sourceTree = "<group>"; };
		0CF852E11C439402007CB94D /* ViewController.swift */ = {isa = PBXFileReference; lastKnownFileType = sourcecode.swift; path = ViewController.swift; sourceTree = "<group>"; };
		0CF852E41C439402007CB94D /* Base */ = {isa = PBXFileReference; lastKnownFileType = file.storyboard; name = Base; path = Base.lproj/Main.storyboard; sourceTree = "<group>"; };
		0CF852E71C439402007CB94D /* SearchDemo.xcdatamodel */ = {isa = PBXFileReference; lastKnownFileType = wrapper.xcdatamodel; path = SearchDemo.xcdatamodel; sourceTree = "<group>"; };
		0CF852E91C439402007CB94D /* Assets.xcassets */ = {isa = PBXFileReference; lastKnownFileType = folder.assetcatalog; path = Assets.xcassets; sourceTree = "<group>"; };
		0CF852EC1C439403007CB94D /* Base */ = {isa = PBXFileReference; lastKnownFileType = file.storyboard; name = Base; path = Base.lproj/LaunchScreen.storyboard; sourceTree = "<group>"; };
		0CF852EE1C439403007CB94D /* Info.plist */ = {isa = PBXFileReference; lastKnownFileType = text.plist.xml; path = Info.plist; sourceTree = "<group>"; };
		0CF852F31C439403007CB94D /* SearchDemoTests.xctest */ = {isa = PBXFileReference; explicitFileType = wrapper.cfbundle; includeInIndex = 0; path = SearchDemoTests.xctest; sourceTree = BUILT_PRODUCTS_DIR; };
		0CF852F71C439403007CB94D /* SearchDemoTests.swift */ = {isa = PBXFileReference; lastKnownFileType = sourcecode.swift; path = SearchDemoTests.swift; sourceTree = "<group>"; };
		0CF852F91C439403007CB94D /* Info.plist */ = {isa = PBXFileReference; lastKnownFileType = text.plist.xml; path = Info.plist; sourceTree = "<group>"; };
		0CFA50001C4570B2004067EE /* Storage.swift */ = {isa = PBXFileReference; fileEncoding = 4; lastKnownFileType = sourcecode.swift; name = Storage.swift; path = SearchDemo/DataModel/Storage.swift; sourceTree = "<group>"; };
		23640CCA1DD68F9796395300 /* Pods-SearchDemoTests.release.xcconfig */ = {isa = PBXFileReference; includeInIndex = 1; lastKnownFileType = text.xcconfig; name = "Pods-SearchDemoTests.release.xcconfig"; path = "Pods/Target Support Files/Pods-SearchDemoTests/Pods-SearchDemoTests.release.xcconfig"; sourceTree = "<group>"; };
		7149F0ED1DC2D21D625E350C /* CellConfiguratorType.swift */ = {isa = PBXFileReference; fileEncoding = 4; lastKnownFileType = sourcecode.swift; path = CellConfiguratorType.swift; sourceTree = "<group>"; };
		7149F534AFFC65B1EB7ADF51 /* Image+CoreDataProperties.swift */ = {isa = PBXFileReference; fileEncoding = 4; lastKnownFileType = sourcecode.swift; name = "Image+CoreDataProperties.swift"; path = "SearchDemo/DataModel/Image+CoreDataProperties.swift"; sourceTree = "<group>"; };
		7149F774DE66BC27ABC70E95 /* Updatable.swift */ = {isa = PBXFileReference; fileEncoding = 4; lastKnownFileType = sourcecode.swift; path = Updatable.swift; sourceTree = "<group>"; };
		7149F7B56EDCA22F17B15A4B /* Contact.swift */ = {isa = PBXFileReference; fileEncoding = 4; lastKnownFileType = sourcecode.swift; name = Contact.swift; path = SearchDemo/DataModel/Contact.swift; sourceTree = "<group>"; };
		7149F7D79CC3B56BB537AEB4 /* Note+CoreDataProperties.swift */ = {isa = PBXFileReference; fileEncoding = 4; lastKnownFileType = sourcecode.swift; name = "Note+CoreDataProperties.swift"; path = "SearchDemo/DataModel/Note+CoreDataProperties.swift"; sourceTree = "<group>"; };
		7149F7DE2EC93576F8329A03 /* Note.swift */ = {isa = PBXFileReference; fileEncoding = 4; lastKnownFileType = sourcecode.swift; name = Note.swift; path = SearchDemo/DataModel/Note.swift; sourceTree = "<group>"; };
		7149F8C3E74E3E33F3B379AC /* Image.swift */ = {isa = PBXFileReference; fileEncoding = 4; lastKnownFileType = sourcecode.swift; name = Image.swift; path = SearchDemo/DataModel/Image.swift; sourceTree = "<group>"; };
		7149FA0C0D95E7B5DCF7880D /* Contact+CoreDataProperties.swift */ = {isa = PBXFileReference; fileEncoding = 4; lastKnownFileType = sourcecode.swift; name = "Contact+CoreDataProperties.swift"; path = "SearchDemo/DataModel/Contact+CoreDataProperties.swift"; sourceTree = "<group>"; };
		9354FE0C70A85324B09A98C3 /* Pods_SearchDemoTests.framework */ = {isa = PBXFileReference; explicitFileType = wrapper.framework; includeInIndex = 0; path = Pods_SearchDemoTests.framework; sourceTree = BUILT_PRODUCTS_DIR; };
		9888C46E28E383BB2D6A204F /* Pods-SearchDemo.debug.xcconfig */ = {isa = PBXFileReference; includeInIndex = 1; lastKnownFileType = text.xcconfig; name = "Pods-SearchDemo.debug.xcconfig"; path = "Pods/Target Support Files/Pods-SearchDemo/Pods-SearchDemo.debug.xcconfig"; sourceTree = "<group>"; };
		9CC5DD0542A0A30DBB149941 /* Pods_SearchDemo.framework */ = {isa = PBXFileReference; explicitFileType = wrapper.framework; includeInIndex = 0; path = Pods_SearchDemo.framework; sourceTree = BUILT_PRODUCTS_DIR; };
		F8729E841C5533B500572D1A /* SearchDemo.entitlements */ = {isa = PBXFileReference; lastKnownFileType = text.xml; path = SearchDemo.entitlements; sourceTree = "<group>"; };
		F87C02BC1C470D850079D7A7 /* DetailViewController.swift */ = {isa = PBXFileReference; fileEncoding = 4; lastKnownFileType = sourcecode.swift; path = DetailViewController.swift; sourceTree = "<group>"; };
		F8DC0CFA1C98AB49001FA508 /* SearchActions.appex */ = {isa = PBXFileReference; explicitFileType = "wrapper.app-extension"; includeInIndex = 0; path = SearchActions.appex; sourceTree = BUILT_PRODUCTS_DIR; };
		F8DC0CFC1C98AB49001FA508 /* ActionViewController.swift */ = {isa = PBXFileReference; lastKnownFileType = sourcecode.swift; path = ActionViewController.swift; sourceTree = "<group>"; };
		F8DC0CFF1C98AB49001FA508 /* Base */ = {isa = PBXFileReference; lastKnownFileType = file.storyboard; name = Base; path = Base.lproj/MainInterface.storyboard; sourceTree = "<group>"; };
		F8DC0D011C98AB49001FA508 /* Info.plist */ = {isa = PBXFileReference; lastKnownFileType = text.plist.xml; path = Info.plist; sourceTree = "<group>"; };
		F8E01DAF1CBD08FD004652F5 /* URLs.swift */ = {isa = PBXFileReference; fileEncoding = 4; lastKnownFileType = sourcecode.swift; path = URLs.swift; sourceTree = "<group>"; };
		FFD2DDDD012B3CDE5278E23B /* Pods-SearchDemoTests.debug.xcconfig */ = {isa = PBXFileReference; includeInIndex = 1; lastKnownFileType = text.xcconfig; name = "Pods-SearchDemoTests.debug.xcconfig"; path = "Pods/Target Support Files/Pods-SearchDemoTests/Pods-SearchDemoTests.debug.xcconfig"; sourceTree = "<group>"; };
/* End PBXFileReference section */

/* Begin PBXFrameworksBuildPhase section */
		0C8435DC1C915841001C6141 /* Frameworks */ = {
			isa = PBXFrameworksBuildPhase;
			buildActionMask = 2147483647;
			files = (
			);
			runOnlyForDeploymentPostprocessing = 0;
		};
		0CF852D91C439402007CB94D /* Frameworks */ = {
			isa = PBXFrameworksBuildPhase;
			buildActionMask = 2147483647;
			files = (
				4EE70A43ADD0C0F15AFDFAC3 /* Pods_SearchDemo.framework in Frameworks */,
			);
			runOnlyForDeploymentPostprocessing = 0;
		};
		0CF852F01C439403007CB94D /* Frameworks */ = {
			isa = PBXFrameworksBuildPhase;
			buildActionMask = 2147483647;
			files = (
				88870F43A8937D531FE5264E /* Pods_SearchDemoTests.framework in Frameworks */,
			);
			runOnlyForDeploymentPostprocessing = 0;
		};
		F8DC0CF71C98AB49001FA508 /* Frameworks */ = {
			isa = PBXFrameworksBuildPhase;
			buildActionMask = 2147483647;
			files = (
			);
			runOnlyForDeploymentPostprocessing = 0;
		};
/* End PBXFrameworksBuildPhase section */

/* Begin PBXGroup section */
		0C8435E01C915841001C6141 /* Share */ = {
			isa = PBXGroup;
			children = (
				0CE51E161C9AD12A00C937FF /* Share.entitlements */,
				0C8435E11C915841001C6141 /* ShareViewController.swift */,
				0C8435E31C915841001C6141 /* MainInterface.storyboard */,
				0C8435E61C915841001C6141 /* Info.plist */,
			);
			path = Share;
			sourceTree = "<group>";
		};
		0CF852D31C439402007CB94D = {
			isa = PBXGroup;
			children = (
				0CF852DE1C439402007CB94D /* SearchDemo */,
				0CF852F61C439403007CB94D /* SearchDemoTests */,
				0C8435E01C915841001C6141 /* Share */,
				F8DC0CFB1C98AB49001FA508 /* SearchActions */,
				0CF852DD1C439402007CB94D /* Products */,
				F7C2D90DF728725966718714 /* Pods */,
				F66B63C98462E6A6F42D8267 /* Frameworks */,
			);
			sourceTree = "<group>";
		};
		0CF852DD1C439402007CB94D /* Products */ = {
			isa = PBXGroup;
			children = (
				0CF852DC1C439402007CB94D /* SearchDemo.app */,
				0CF852F31C439403007CB94D /* SearchDemoTests.xctest */,
				0C8435DF1C915841001C6141 /* Share.appex */,
				F8DC0CFA1C98AB49001FA508 /* SearchActions.appex */,
			);
			name = Products;
			sourceTree = "<group>";
		};
		0CF852DE1C439402007CB94D /* SearchDemo */ = {
			isa = PBXGroup;
			children = (
				F8E01DAE1CBD08B7004652F5 /* SharedUtilities */,
				F8729E841C5533B500572D1A /* SearchDemo.entitlements */,
				0CFA4FFF1C456FE2004067EE /* DataModel */,
				0C6AFD751CB6B874009FDF56 /* CellConfigurator.swift */,
				0CF852DF1C439402007CB94D /* AppDelegate.swift */,
				0CF852E11C439402007CB94D /* ViewController.swift */,
				F87C02BC1C470D850079D7A7 /* DetailViewController.swift */,
				0C5E12951C44E72700D0366E /* NoteTableViewCell.swift */,
				0C8F4E941C59356F004ADF27 /* ContactTableViewCell.swift */,
				0C5E12991C44E79800D0366E /* ImageTableViewCell.swift */,
				0C5E12971C44E75200D0366E /* ViewData.swift */,
				0CF852E31C439402007CB94D /* Main.storyboard */,
				0CF852EB1C439403007CB94D /* LaunchScreen.storyboard */,
				0CF852E91C439402007CB94D /* Assets.xcassets */,
				0CF852EE1C439403007CB94D /* Info.plist */,
				7149F0ED1DC2D21D625E350C /* CellConfiguratorType.swift */,
				7149F774DE66BC27ABC70E95 /* Updatable.swift */,
			);
			path = SearchDemo;
			sourceTree = "<group>";
		};
		0CF852F61C439403007CB94D /* SearchDemoTests */ = {
			isa = PBXGroup;
			children = (
				0CF852F71C439403007CB94D /* SearchDemoTests.swift */,
				0CF852F91C439403007CB94D /* Info.plist */,
			);
			path = SearchDemoTests;
			sourceTree = "<group>";
		};
		0CFA4FFF1C456FE2004067EE /* DataModel */ = {
			isa = PBXGroup;
			children = (
				0CF852E61C439402007CB94D /* SearchDemo.xcdatamodeld */,
				0C6AFD6F1CB6B5E6009FDF56 /* DataController.swift */,
				0CA5B9E01CA40B1C007C4132 /* DataControllerDelegate.swift */,
				0CE51E191C9BD69C00C937FF /* DataFactory.swift */,
				0CFA50001C4570B2004067EE /* Storage.swift */,
				0C57EDE51C491051009D3DA1 /* Indexable.swift */,
				7149F7DE2EC93576F8329A03 /* Note.swift */,
				7149F7B56EDCA22F17B15A4B /* Contact.swift */,
				7149F8C3E74E3E33F3B379AC /* Image.swift */,
				7149F534AFFC65B1EB7ADF51 /* Image+CoreDataProperties.swift */,
				7149F7D79CC3B56BB537AEB4 /* Note+CoreDataProperties.swift */,
				7149FA0C0D95E7B5DCF7880D /* Contact+CoreDataProperties.swift */,
			);
			name = DataModel;
			path = ..;
			sourceTree = "<group>";
		};
		F66B63C98462E6A6F42D8267 /* Frameworks */ = {
			isa = PBXGroup;
			children = (
				9CC5DD0542A0A30DBB149941 /* Pods_SearchDemo.framework */,
				9354FE0C70A85324B09A98C3 /* Pods_SearchDemoTests.framework */,
			);
			name = Frameworks;
			sourceTree = "<group>";
		};
		F7C2D90DF728725966718714 /* Pods */ = {
			isa = PBXGroup;
			children = (
				9888C46E28E383BB2D6A204F /* Pods-SearchDemo.debug.xcconfig */,
				08BAEBB352F249708B0FFC13 /* Pods-SearchDemo.release.xcconfig */,
				FFD2DDDD012B3CDE5278E23B /* Pods-SearchDemoTests.debug.xcconfig */,
				23640CCA1DD68F9796395300 /* Pods-SearchDemoTests.release.xcconfig */,
			);
			name = Pods;
			sourceTree = "<group>";
		};
		F8DC0CFB1C98AB49001FA508 /* SearchActions */ = {
			isa = PBXGroup;
			children = (
				0C2FD4E21CB7BDA200DBBFF8 /* SearchActions.entitlements */,
				F8DC0CFC1C98AB49001FA508 /* ActionViewController.swift */,
				F8DC0CFE1C98AB49001FA508 /* MainInterface.storyboard */,
				F8DC0D011C98AB49001FA508 /* Info.plist */,
			);
			path = SearchActions;
			sourceTree = "<group>";
		};
		F8E01DAE1CBD08B7004652F5 /* SharedUtilities */ = {
			isa = PBXGroup;
			children = (
				F8E01DAF1CBD08FD004652F5 /* URLs.swift */,
			);
			name = SharedUtilities;
			sourceTree = "<group>";
		};
/* End PBXGroup section */

/* Begin PBXNativeTarget section */
		0C8435DE1C915841001C6141 /* Share */ = {
			isa = PBXNativeTarget;
			buildConfigurationList = 0C8435EC1C915842001C6141 /* Build configuration list for PBXNativeTarget "Share" */;
			buildPhases = (
				0C8435DB1C915841001C6141 /* Sources */,
				0C8435DC1C915841001C6141 /* Frameworks */,
				0C8435DD1C915841001C6141 /* Resources */,
			);
			buildRules = (
			);
			dependencies = (
			);
			name = Share;
			productName = Share;
			productReference = 0C8435DF1C915841001C6141 /* Share.appex */;
			productType = "com.apple.product-type.app-extension";
		};
		0CF852DB1C439402007CB94D /* SearchDemo */ = {
			isa = PBXNativeTarget;
			buildConfigurationList = 0CF852FC1C439403007CB94D /* Build configuration list for PBXNativeTarget "SearchDemo" */;
			buildPhases = (
				DD7CFDD2B7500659F0D8B4E6 /* Check Pods Manifest.lock */,
				0CF852D81C439402007CB94D /* Sources */,
				0CF852D91C439402007CB94D /* Frameworks */,
				0CF852DA1C439402007CB94D /* Resources */,
				141CFEF9AF31950D714C4680 /* Embed Pods Frameworks */,
				33F1D6DD51DABF0A8888DED5 /* Copy Pods Resources */,
				0C8435ED1C915842001C6141 /* Embed App Extensions */,
			);
			buildRules = (
			);
			dependencies = (
				0C8435E81C915841001C6141 /* PBXTargetDependency */,
				F8DC0D031C98AB49001FA508 /* PBXTargetDependency */,
			);
			name = SearchDemo;
			productName = SearchDemo;
			productReference = 0CF852DC1C439402007CB94D /* SearchDemo.app */;
			productType = "com.apple.product-type.application";
		};
		0CF852F21C439403007CB94D /* SearchDemoTests */ = {
			isa = PBXNativeTarget;
			buildConfigurationList = 0CF852FF1C439403007CB94D /* Build configuration list for PBXNativeTarget "SearchDemoTests" */;
			buildPhases = (
				D753D2CF21A0F7CE0428A8AF /* Check Pods Manifest.lock */,
				0CF852EF1C439403007CB94D /* Sources */,
				0CF852F01C439403007CB94D /* Frameworks */,
				0CF852F11C439403007CB94D /* Resources */,
				7C3D451580BB82A2011EF243 /* Embed Pods Frameworks */,
				7C41B9BDBC346B1E876250B5 /* Copy Pods Resources */,
			);
			buildRules = (
			);
			dependencies = (
				0CF852F51C439403007CB94D /* PBXTargetDependency */,
			);
			name = SearchDemoTests;
			productName = SearchDemoTests;
			productReference = 0CF852F31C439403007CB94D /* SearchDemoTests.xctest */;
			productType = "com.apple.product-type.bundle.unit-test";
		};
		F8DC0CF91C98AB49001FA508 /* SearchActions */ = {
			isa = PBXNativeTarget;
			buildConfigurationList = F8DC0D071C98AB49001FA508 /* Build configuration list for PBXNativeTarget "SearchActions" */;
			buildPhases = (
				F8DC0CF61C98AB49001FA508 /* Sources */,
				F8DC0CF71C98AB49001FA508 /* Frameworks */,
				F8DC0CF81C98AB49001FA508 /* Resources */,
			);
			buildRules = (
			);
			dependencies = (
			);
			name = SearchActions;
			productName = SearchActions;
			productReference = F8DC0CFA1C98AB49001FA508 /* SearchActions.appex */;
			productType = "com.apple.product-type.app-extension";
		};
/* End PBXNativeTarget section */

/* Begin PBXProject section */
		0CF852D41C439402007CB94D /* Project object */ = {
			isa = PBXProject;
			attributes = {
				LastSwiftUpdateCheck = 0720;
				LastUpgradeCheck = 0720;
				ORGANIZATIONNAME = Philips;
				TargetAttributes = {
					0C8435DE1C915841001C6141 = {
						CreatedOnToolsVersion = 7.2.1;
						DevelopmentTeam = CS7SZ6KGXK;
						SystemCapabilities = {
							com.apple.ApplicationGroups.iOS = {
								enabled = 1;
							};
						};
					};
					0CF852DB1C439402007CB94D = {
						CreatedOnToolsVersion = 7.2;
						DevelopmentTeam = CS7SZ6KGXK;
						SystemCapabilities = {
							com.apple.ApplicationGroups.iOS = {
								enabled = 1;
							};
							com.apple.SafariKeychain = {
								enabled = 1;
							};
						};
					};
					0CF852F21C439403007CB94D = {
						CreatedOnToolsVersion = 7.2;
						TestTargetID = 0CF852DB1C439402007CB94D;
					};
					F8DC0CF91C98AB49001FA508 = {
						CreatedOnToolsVersion = 7.2;
						DevelopmentTeam = CS7SZ6KGXK;
						SystemCapabilities = {
							com.apple.ApplicationGroups.iOS = {
								enabled = 1;
							};
						};
					};
				};
			};
			buildConfigurationList = 0CF852D71C439402007CB94D /* Build configuration list for PBXProject "SearchDemo" */;
			compatibilityVersion = "Xcode 3.2";
			developmentRegion = English;
			hasScannedForEncodings = 0;
			knownRegions = (
				en,
				Base,
			);
			mainGroup = 0CF852D31C439402007CB94D;
			productRefGroup = 0CF852DD1C439402007CB94D /* Products */;
			projectDirPath = "";
			projectRoot = "";
			targets = (
				0CF852DB1C439402007CB94D /* SearchDemo */,
				0CF852F21C439403007CB94D /* SearchDemoTests */,
				0C8435DE1C915841001C6141 /* Share */,
				F8DC0CF91C98AB49001FA508 /* SearchActions */,
			);
		};
/* End PBXProject section */

/* Begin PBXResourcesBuildPhase section */
		0C8435DD1C915841001C6141 /* Resources */ = {
			isa = PBXResourcesBuildPhase;
			buildActionMask = 2147483647;
			files = (
				0CC78FBD1CBE9D410060502C /* Assets.xcassets in Resources */,
				0C8435E51C915841001C6141 /* MainInterface.storyboard in Resources */,
			);
			runOnlyForDeploymentPostprocessing = 0;
		};
		0CF852DA1C439402007CB94D /* Resources */ = {
			isa = PBXResourcesBuildPhase;
			buildActionMask = 2147483647;
			files = (
				F8729E861C557B8C00572D1A /* SearchDemo.entitlements in Resources */,
				0CF852ED1C439403007CB94D /* LaunchScreen.storyboard in Resources */,
				0CF852EA1C439402007CB94D /* Assets.xcassets in Resources */,
				0CF852E51C439402007CB94D /* Main.storyboard in Resources */,
			);
			runOnlyForDeploymentPostprocessing = 0;
		};
		0CF852F11C439403007CB94D /* Resources */ = {
			isa = PBXResourcesBuildPhase;
			buildActionMask = 2147483647;
			files = (
			);
			runOnlyForDeploymentPostprocessing = 0;
		};
		F8DC0CF81C98AB49001FA508 /* Resources */ = {
			isa = PBXResourcesBuildPhase;
			buildActionMask = 2147483647;
			files = (
				F8DC0D081C98B93E001FA508 /* Assets.xcassets in Resources */,
				F8DC0D001C98AB49001FA508 /* MainInterface.storyboard in Resources */,
			);
			runOnlyForDeploymentPostprocessing = 0;
		};
/* End PBXResourcesBuildPhase section */

/* Begin PBXShellScriptBuildPhase section */
		141CFEF9AF31950D714C4680 /* Embed Pods Frameworks */ = {
			isa = PBXShellScriptBuildPhase;
			buildActionMask = 2147483647;
			files = (
			);
			inputPaths = (
			);
			name = "Embed Pods Frameworks";
			outputPaths = (
			);
			runOnlyForDeploymentPostprocessing = 0;
			shellPath = /bin/sh;
			shellScript = "\"${SRCROOT}/Pods/Target Support Files/Pods-SearchDemo/Pods-SearchDemo-frameworks.sh\"\n";
			showEnvVarsInLog = 0;
		};
		33F1D6DD51DABF0A8888DED5 /* Copy Pods Resources */ = {
			isa = PBXShellScriptBuildPhase;
			buildActionMask = 2147483647;
			files = (
			);
			inputPaths = (
			);
			name = "Copy Pods Resources";
			outputPaths = (
			);
			runOnlyForDeploymentPostprocessing = 0;
			shellPath = /bin/sh;
			shellScript = "\"${SRCROOT}/Pods/Target Support Files/Pods-SearchDemo/Pods-SearchDemo-resources.sh\"\n";
			showEnvVarsInLog = 0;
		};
		7C3D451580BB82A2011EF243 /* Embed Pods Frameworks */ = {
			isa = PBXShellScriptBuildPhase;
			buildActionMask = 2147483647;
			files = (
			);
			inputPaths = (
			);
			name = "Embed Pods Frameworks";
			outputPaths = (
			);
			runOnlyForDeploymentPostprocessing = 0;
			shellPath = /bin/sh;
			shellScript = "\"${SRCROOT}/Pods/Target Support Files/Pods-SearchDemoTests/Pods-SearchDemoTests-frameworks.sh\"\n";
			showEnvVarsInLog = 0;
		};
		7C41B9BDBC346B1E876250B5 /* Copy Pods Resources */ = {
			isa = PBXShellScriptBuildPhase;
			buildActionMask = 2147483647;
			files = (
			);
			inputPaths = (
			);
			name = "Copy Pods Resources";
			outputPaths = (
			);
			runOnlyForDeploymentPostprocessing = 0;
			shellPath = /bin/sh;
			shellScript = "\"${SRCROOT}/Pods/Target Support Files/Pods-SearchDemoTests/Pods-SearchDemoTests-resources.sh\"\n";
			showEnvVarsInLog = 0;
		};
		D753D2CF21A0F7CE0428A8AF /* Check Pods Manifest.lock */ = {
			isa = PBXShellScriptBuildPhase;
			buildActionMask = 2147483647;
			files = (
			);
			inputPaths = (
			);
			name = "Check Pods Manifest.lock";
			outputPaths = (
			);
			runOnlyForDeploymentPostprocessing = 0;
			shellPath = /bin/sh;
			shellScript = "diff \"${PODS_ROOT}/../Podfile.lock\" \"${PODS_ROOT}/Manifest.lock\" > /dev/null\nif [[ $? != 0 ]] ; then\n    cat << EOM\nerror: The sandbox is not in sync with the Podfile.lock. Run 'pod install' or update your CocoaPods installation.\nEOM\n    exit 1\nfi\n";
			showEnvVarsInLog = 0;
		};
		DD7CFDD2B7500659F0D8B4E6 /* Check Pods Manifest.lock */ = {
			isa = PBXShellScriptBuildPhase;
			buildActionMask = 2147483647;
			files = (
			);
			inputPaths = (
			);
			name = "Check Pods Manifest.lock";
			outputPaths = (
			);
			runOnlyForDeploymentPostprocessing = 0;
			shellPath = /bin/sh;
			shellScript = "diff \"${PODS_ROOT}/../Podfile.lock\" \"${PODS_ROOT}/Manifest.lock\" > /dev/null\nif [[ $? != 0 ]] ; then\n    cat << EOM\nerror: The sandbox is not in sync with the Podfile.lock. Run 'pod install' or update your CocoaPods installation.\nEOM\n    exit 1\nfi\n";
			showEnvVarsInLog = 0;
		};
/* End PBXShellScriptBuildPhase section */

/* Begin PBXSourcesBuildPhase section */
		0C8435DB1C915841001C6141 /* Sources */ = {
			isa = PBXSourcesBuildPhase;
			buildActionMask = 2147483647;
			files = (
				0CE51E141C9ACE1000C937FF /* Image+CoreDataProperties.swift in Sources */,
				0C8435E21C915841001C6141 /* ShareViewController.swift in Sources */,
				0CE51E131C9ACE0A00C937FF /* Image.swift in Sources */,
				F8E01DB11CBD08FD004652F5 /* URLs.swift in Sources */,
				0CE51E0F1C9ACDBC00C937FF /* Note+CoreDataProperties.swift in Sources */,
				0CE51E111C9ACDEB00C937FF /* Indexable.swift in Sources */,
				0CE51E0D1C9ACCBE00C937FF /* Note.swift in Sources */,
				0C6AFD711CB6B5E6009FDF56 /* DataController.swift in Sources */,
				0C3336681CB38FE600AE957E /* DataControllerDelegate.swift in Sources */,
				0CE51E101C9ACDC200C937FF /* SearchDemo.xcdatamodeld in Sources */,
				0CE51E0E1C9ACCC200C937FF /* Storage.swift in Sources */,
				0CE51E151C9ACE1000C937FF /* Contact+CoreDataProperties.swift in Sources */,
				0CE51E1B1C9BE18900C937FF /* DataFactory.swift in Sources */,
				0CE51E121C9ACE0700C937FF /* Contact.swift in Sources */,
			);
			runOnlyForDeploymentPostprocessing = 0;
		};
		0CF852D81C439402007CB94D /* Sources */ = {
			isa = PBXSourcesBuildPhase;
			buildActionMask = 2147483647;
			files = (
				0C5E129A1C44E79800D0366E /* ImageTableViewCell.swift in Sources */,
				0CF852E81C439402007CB94D /* SearchDemo.xcdatamodeld in Sources */,
				0CE51E1A1C9BD69C00C937FF /* DataFactory.swift in Sources */,
				0CF852E21C439402007CB94D /* ViewController.swift in Sources */,
				0C5E12961C44E72700D0366E /* NoteTableViewCell.swift in Sources */,
				0C6AFD761CB6B874009FDF56 /* CellConfigurator.swift in Sources */,
				0C6AFD701CB6B5E6009FDF56 /* DataController.swift in Sources */,
				0C8F4E951C59356F004ADF27 /* ContactTableViewCell.swift in Sources */,
				0C5E12981C44E75200D0366E /* ViewData.swift in Sources */,
				0CF852E01C439402007CB94D /* AppDelegate.swift in Sources */,
				F87C02BD1C470D850079D7A7 /* DetailViewController.swift in Sources */,
				0CFA50011C4570B2004067EE /* Storage.swift in Sources */,
				7149FB4D710732083E9B836B /* Contact.swift in Sources */,
				7149F5D916974ED305F14C00 /* Image.swift in Sources */,
				7149F528A23551DE554762C5 /* Image+CoreDataProperties.swift in Sources */,
				7149F880D03629DB1933EED8 /* Note+CoreDataProperties.swift in Sources */,
				F8E01DB01CBD08FD004652F5 /* URLs.swift in Sources */,
				7149F93E8EDB0CD7E113E3E1 /* Contact+CoreDataProperties.swift in Sources */,
				0C57EDE61C491051009D3DA1 /* Indexable.swift in Sources */,
				0CA5B9E11CA40B1C007C4132 /* DataControllerDelegate.swift in Sources */,
				7149F6C1362FCDA8A3062384 /* Note.swift in Sources */,
				7149F35F1868142635865370 /* CellConfiguratorType.swift in Sources */,
				7149F4AD694174932B63568B /* Updatable.swift in Sources */,
			);
			runOnlyForDeploymentPostprocessing = 0;
		};
		0CF852EF1C439403007CB94D /* Sources */ = {
			isa = PBXSourcesBuildPhase;
			buildActionMask = 2147483647;
			files = (
				0CF852F81C439403007CB94D /* SearchDemoTests.swift in Sources */,
			);
			runOnlyForDeploymentPostprocessing = 0;
		};
		F8DC0CF61C98AB49001FA508 /* Sources */ = {
			isa = PBXSourcesBuildPhase;
			buildActionMask = 2147483647;
			files = (
				F8E01CEB1CB7C28E004652F5 /* Indexable.swift in Sources */,
				F8E01CEC1CB7C31D004652F5 /* SearchDemo.xcdatamodeld in Sources */,
				F8DC0CFD1C98AB49001FA508 /* ActionViewController.swift in Sources */,
				F8E01DB21CBD08FD004652F5 /* URLs.swift in Sources */,
				F8E01CE71CB7C246004652F5 /* Note+CoreDataProperties.swift in Sources */,
				F8E01CE51CB7C241004652F5 /* Image.swift in Sources */,
				F8E01CEA1CB7C25D004652F5 /* DataControllerDelegate.swift in Sources */,
				F8E01CE81CB7C249004652F5 /* Contact+CoreDataProperties.swift in Sources */,
				F8E01CE31CB7C236004652F5 /* DataController.swift in Sources */,
				F8E01CE91CB7C254004652F5 /* Note.swift in Sources */,
				F8E01CE41CB7C23E004652F5 /* Contact.swift in Sources */,
				F8E01CE11CB7C207004652F5 /* Storage.swift in Sources */,
				F8E01CE21CB7C20C004652F5 /* DataFactory.swift in Sources */,
				F8E01CE61CB7C244004652F5 /* Image+CoreDataProperties.swift in Sources */,
			);
			runOnlyForDeploymentPostprocessing = 0;
		};
/* End PBXSourcesBuildPhase section */

/* Begin PBXTargetDependency section */
		0C8435E81C915841001C6141 /* PBXTargetDependency */ = {
			isa = PBXTargetDependency;
			target = 0C8435DE1C915841001C6141 /* Share */;
			targetProxy = 0C8435E71C915841001C6141 /* PBXContainerItemProxy */;
		};
		0CF852F51C439403007CB94D /* PBXTargetDependency */ = {
			isa = PBXTargetDependency;
			target = 0CF852DB1C439402007CB94D /* SearchDemo */;
			targetProxy = 0CF852F41C439403007CB94D /* PBXContainerItemProxy */;
		};
		F8DC0D031C98AB49001FA508 /* PBXTargetDependency */ = {
			isa = PBXTargetDependency;
			target = F8DC0CF91C98AB49001FA508 /* SearchActions */;
			targetProxy = F8DC0D021C98AB49001FA508 /* PBXContainerItemProxy */;
		};
/* End PBXTargetDependency section */

/* Begin PBXVariantGroup section */
		0C8435E31C915841001C6141 /* MainInterface.storyboard */ = {
			isa = PBXVariantGroup;
			children = (
				0C8435E41C915841001C6141 /* Base */,
			);
			name = MainInterface.storyboard;
			sourceTree = "<group>";
		};
		0CF852E31C439402007CB94D /* Main.storyboard */ = {
			isa = PBXVariantGroup;
			children = (
				0CF852E41C439402007CB94D /* Base */,
			);
			name = Main.storyboard;
			sourceTree = "<group>";
		};
		0CF852EB1C439403007CB94D /* LaunchScreen.storyboard */ = {
			isa = PBXVariantGroup;
			children = (
				0CF852EC1C439403007CB94D /* Base */,
			);
			name = LaunchScreen.storyboard;
			sourceTree = "<group>";
		};
		F8DC0CFE1C98AB49001FA508 /* MainInterface.storyboard */ = {
			isa = PBXVariantGroup;
			children = (
				F8DC0CFF1C98AB49001FA508 /* Base */,
			);
			name = MainInterface.storyboard;
			sourceTree = "<group>";
		};
/* End PBXVariantGroup section */

/* Begin XCBuildConfiguration section */
		0C8435EA1C915842001C6141 /* Debug */ = {
			isa = XCBuildConfiguration;
			buildSettings = {
				ASSETCATALOG_COMPILER_APPICON_NAME = AppIcon;
				ASSETCATALOG_COMPILER_LAUNCHIMAGE_NAME = "Brand Assets";
				CODE_SIGN_ENTITLEMENTS = Share/Share.entitlements;
				CODE_SIGN_IDENTITY = "iPhone Developer";
				"CODE_SIGN_IDENTITY[sdk=iphoneos*]" = "iPhone Developer";
				INFOPLIST_FILE = Share/Info.plist;
				LD_RUNPATH_SEARCH_PATHS = "$(inherited) @executable_path/Frameworks @executable_path/../../Frameworks";
				PRODUCT_BUNDLE_IDENTIFIER = com.philips.pins.SearchGroup.SearchDemo.Share;
				PRODUCT_NAME = "$(TARGET_NAME)";
				PROVISIONING_PROFILE = "";
				SKIP_INSTALL = YES;
			};
			name = Debug;
		};
		0C8435EB1C915842001C6141 /* Release */ = {
			isa = XCBuildConfiguration;
			buildSettings = {
				ASSETCATALOG_COMPILER_APPICON_NAME = AppIcon;
				ASSETCATALOG_COMPILER_LAUNCHIMAGE_NAME = "Brand Assets";
				CODE_SIGN_ENTITLEMENTS = Share/Share.entitlements;
				CODE_SIGN_IDENTITY = "iPhone Developer";
				"CODE_SIGN_IDENTITY[sdk=iphoneos*]" = "iPhone Developer";
				INFOPLIST_FILE = Share/Info.plist;
				LD_RUNPATH_SEARCH_PATHS = "$(inherited) @executable_path/Frameworks @executable_path/../../Frameworks";
				PRODUCT_BUNDLE_IDENTIFIER = com.philips.pins.SearchGroup.SearchDemo.Share;
				PRODUCT_NAME = "$(TARGET_NAME)";
				PROVISIONING_PROFILE = "";
				SKIP_INSTALL = YES;
			};
			name = Release;
		};
		0CF852FA1C439403007CB94D /* Debug */ = {
			isa = XCBuildConfiguration;
			buildSettings = {
				ALWAYS_SEARCH_USER_PATHS = NO;
				CLANG_CXX_LANGUAGE_STANDARD = "gnu++0x";
				CLANG_CXX_LIBRARY = "libc++";
				CLANG_ENABLE_MODULES = YES;
				CLANG_ENABLE_OBJC_ARC = YES;
				CLANG_WARN_BOOL_CONVERSION = YES;
				CLANG_WARN_CONSTANT_CONVERSION = YES;
				CLANG_WARN_DIRECT_OBJC_ISA_USAGE = YES_ERROR;
				CLANG_WARN_EMPTY_BODY = YES;
				CLANG_WARN_ENUM_CONVERSION = YES;
				CLANG_WARN_INT_CONVERSION = YES;
				CLANG_WARN_OBJC_ROOT_CLASS = YES_ERROR;
				CLANG_WARN_UNREACHABLE_CODE = YES;
				CLANG_WARN__DUPLICATE_METHOD_MATCH = YES;
				"CODE_SIGN_IDENTITY[sdk=iphoneos*]" = "iPhone Developer";
				COPY_PHASE_STRIP = NO;
				DEBUG_INFORMATION_FORMAT = dwarf;
				ENABLE_STRICT_OBJC_MSGSEND = YES;
				ENABLE_TESTABILITY = YES;
				GCC_C_LANGUAGE_STANDARD = gnu99;
				GCC_DYNAMIC_NO_PIC = NO;
				GCC_NO_COMMON_BLOCKS = YES;
				GCC_OPTIMIZATION_LEVEL = 0;
				GCC_PREPROCESSOR_DEFINITIONS = (
					"DEBUG=1",
					"$(inherited)",
				);
				GCC_WARN_64_TO_32_BIT_CONVERSION = YES;
				GCC_WARN_ABOUT_RETURN_TYPE = YES_ERROR;
				GCC_WARN_UNDECLARED_SELECTOR = YES;
				GCC_WARN_UNINITIALIZED_AUTOS = YES_AGGRESSIVE;
				GCC_WARN_UNUSED_FUNCTION = YES;
				GCC_WARN_UNUSED_VARIABLE = YES;
				IPHONEOS_DEPLOYMENT_TARGET = 9.2;
				MTL_ENABLE_DEBUG_INFO = YES;
				ONLY_ACTIVE_ARCH = YES;
				SDKROOT = iphoneos;
				SWIFT_OPTIMIZATION_LEVEL = "-Onone";
				TARGETED_DEVICE_FAMILY = "1,2";
			};
			name = Debug;
		};
		0CF852FB1C439403007CB94D /* Release */ = {
			isa = XCBuildConfiguration;
			buildSettings = {
				ALWAYS_SEARCH_USER_PATHS = NO;
				CLANG_CXX_LANGUAGE_STANDARD = "gnu++0x";
				CLANG_CXX_LIBRARY = "libc++";
				CLANG_ENABLE_MODULES = YES;
				CLANG_ENABLE_OBJC_ARC = YES;
				CLANG_WARN_BOOL_CONVERSION = YES;
				CLANG_WARN_CONSTANT_CONVERSION = YES;
				CLANG_WARN_DIRECT_OBJC_ISA_USAGE = YES_ERROR;
				CLANG_WARN_EMPTY_BODY = YES;
				CLANG_WARN_ENUM_CONVERSION = YES;
				CLANG_WARN_INT_CONVERSION = YES;
				CLANG_WARN_OBJC_ROOT_CLASS = YES_ERROR;
				CLANG_WARN_UNREACHABLE_CODE = YES;
				CLANG_WARN__DUPLICATE_METHOD_MATCH = YES;
				"CODE_SIGN_IDENTITY[sdk=iphoneos*]" = "iPhone Developer";
				COPY_PHASE_STRIP = NO;
				DEBUG_INFORMATION_FORMAT = "dwarf-with-dsym";
				ENABLE_NS_ASSERTIONS = NO;
				ENABLE_STRICT_OBJC_MSGSEND = YES;
				GCC_C_LANGUAGE_STANDARD = gnu99;
				GCC_NO_COMMON_BLOCKS = YES;
				GCC_WARN_64_TO_32_BIT_CONVERSION = YES;
				GCC_WARN_ABOUT_RETURN_TYPE = YES_ERROR;
				GCC_WARN_UNDECLARED_SELECTOR = YES;
				GCC_WARN_UNINITIALIZED_AUTOS = YES_AGGRESSIVE;
				GCC_WARN_UNUSED_FUNCTION = YES;
				GCC_WARN_UNUSED_VARIABLE = YES;
				IPHONEOS_DEPLOYMENT_TARGET = 9.2;
				MTL_ENABLE_DEBUG_INFO = NO;
				SDKROOT = iphoneos;
				TARGETED_DEVICE_FAMILY = "1,2";
				VALIDATE_PRODUCT = YES;
			};
			name = Release;
		};
		0CF852FD1C439403007CB94D /* Debug */ = {
			isa = XCBuildConfiguration;
			baseConfigurationReference = 9888C46E28E383BB2D6A204F /* Pods-SearchDemo.debug.xcconfig */;
			buildSettings = {
				ASSETCATALOG_COMPILER_APPICON_NAME = AppIcon;
				CLANG_ENABLE_MODULES = YES;
				CODE_SIGN_ENTITLEMENTS = SearchDemo/SearchDemo.entitlements;
				CODE_SIGN_IDENTITY = "iPhone Developer";
				"CODE_SIGN_IDENTITY[sdk=iphoneos*]" = "iPhone Developer";
				EMBEDDED_CONTENT_CONTAINS_SWIFT = YES;
				INFOPLIST_FILE = SearchDemo/Info.plist;
				IPHONEOS_DEPLOYMENT_TARGET = 9.0;
				LD_RUNPATH_SEARCH_PATHS = "$(inherited) @executable_path/Frameworks";
				PRODUCT_BUNDLE_IDENTIFIER = com.philips.pins.SearchGroup.SearchDemo;
				PRODUCT_NAME = "$(TARGET_NAME)";
				PROVISIONING_PROFILE = "";
				SWIFT_OPTIMIZATION_LEVEL = "-Onone";
			};
			name = Debug;
		};
		0CF852FE1C439403007CB94D /* Release */ = {
			isa = XCBuildConfiguration;
			baseConfigurationReference = 08BAEBB352F249708B0FFC13 /* Pods-SearchDemo.release.xcconfig */;
			buildSettings = {
				ASSETCATALOG_COMPILER_APPICON_NAME = AppIcon;
				CLANG_ENABLE_MODULES = YES;
				CODE_SIGN_ENTITLEMENTS = SearchDemo/SearchDemo.entitlements;
				CODE_SIGN_IDENTITY = "iPhone Developer";
				"CODE_SIGN_IDENTITY[sdk=iphoneos*]" = "iPhone Developer";
				EMBEDDED_CONTENT_CONTAINS_SWIFT = YES;
				INFOPLIST_FILE = SearchDemo/Info.plist;
				IPHONEOS_DEPLOYMENT_TARGET = 9.0;
				LD_RUNPATH_SEARCH_PATHS = "$(inherited) @executable_path/Frameworks";
				PRODUCT_BUNDLE_IDENTIFIER = com.philips.pins.SearchGroup.SearchDemo;
				PRODUCT_NAME = "$(TARGET_NAME)";
				PROVISIONING_PROFILE = "";
			};
			name = Release;
		};
		0CF853001C439403007CB94D /* Debug */ = {
			isa = XCBuildConfiguration;
			baseConfigurationReference = FFD2DDDD012B3CDE5278E23B /* Pods-SearchDemoTests.debug.xcconfig */;
			buildSettings = {
				BUNDLE_LOADER = "$(TEST_HOST)";
				INFOPLIST_FILE = SearchDemoTests/Info.plist;
				LD_RUNPATH_SEARCH_PATHS = "$(inherited) @executable_path/Frameworks @loader_path/Frameworks";
				PRODUCT_BUNDLE_IDENTIFIER = com.philips.pins.SearchDemoTests;
				PRODUCT_NAME = "$(TARGET_NAME)";
				TEST_HOST = "$(BUILT_PRODUCTS_DIR)/SearchDemo.app/SearchDemo";
			};
			name = Debug;
		};
		0CF853011C439403007CB94D /* Release */ = {
			isa = XCBuildConfiguration;
			baseConfigurationReference = 23640CCA1DD68F9796395300 /* Pods-SearchDemoTests.release.xcconfig */;
			buildSettings = {
				BUNDLE_LOADER = "$(TEST_HOST)";
				INFOPLIST_FILE = SearchDemoTests/Info.plist;
				LD_RUNPATH_SEARCH_PATHS = "$(inherited) @executable_path/Frameworks @loader_path/Frameworks";
				PRODUCT_BUNDLE_IDENTIFIER = com.philips.pins.SearchDemoTests;
				PRODUCT_NAME = "$(TARGET_NAME)";
				TEST_HOST = "$(BUILT_PRODUCTS_DIR)/SearchDemo.app/SearchDemo";
			};
			name = Release;
		};
		F8DC0D051C98AB49001FA508 /* Debug */ = {
			isa = XCBuildConfiguration;
			buildSettings = {
				ASSETCATALOG_COMPILER_APPICON_NAME = "AppIcon-2";
				ASSETCATALOG_COMPILER_LAUNCHIMAGE_NAME = "Brand Assets";
				CODE_SIGN_ENTITLEMENTS = SearchActions/SearchActions.entitlements;
				CODE_SIGN_IDENTITY = "iPhone Developer";
				"CODE_SIGN_IDENTITY[sdk=iphoneos*]" = "iPhone Developer";
				INFOPLIST_FILE = SearchActions/Info.plist;
				LD_RUNPATH_SEARCH_PATHS = "$(inherited) @executable_path/Frameworks @executable_path/../../Frameworks";
				PRODUCT_BUNDLE_IDENTIFIER = com.philips.pins.SearchGroup.SearchDemo.Action;
				PRODUCT_NAME = "$(TARGET_NAME)";
				SKIP_INSTALL = YES;
			};
			name = Debug;
		};
		F8DC0D061C98AB49001FA508 /* Release */ = {
			isa = XCBuildConfiguration;
			buildSettings = {
				ASSETCATALOG_COMPILER_APPICON_NAME = "AppIcon-2";
				ASSETCATALOG_COMPILER_LAUNCHIMAGE_NAME = "Brand Assets";
				CODE_SIGN_ENTITLEMENTS = SearchActions/SearchActions.entitlements;
				CODE_SIGN_IDENTITY = "iPhone Developer";
				"CODE_SIGN_IDENTITY[sdk=iphoneos*]" = "iPhone Developer";
				INFOPLIST_FILE = SearchActions/Info.plist;
				LD_RUNPATH_SEARCH_PATHS = "$(inherited) @executable_path/Frameworks @executable_path/../../Frameworks";
				PRODUCT_BUNDLE_IDENTIFIER = com.philips.pins.SearchGroup.SearchDemo.Action;
				PRODUCT_NAME = "$(TARGET_NAME)";
				SKIP_INSTALL = YES;
			};
			name = Release;
		};
/* End XCBuildConfiguration section */

/* Begin XCConfigurationList section */
		0C8435EC1C915842001C6141 /* Build configuration list for PBXNativeTarget "Share" */ = {
			isa = XCConfigurationList;
			buildConfigurations = (
				0C8435EA1C915842001C6141 /* Debug */,
				0C8435EB1C915842001C6141 /* Release */,
			);
			defaultConfigurationIsVisible = 0;
			defaultConfigurationName = Release;
		};
		0CF852D71C439402007CB94D /* Build configuration list for PBXProject "SearchDemo" */ = {
			isa = XCConfigurationList;
			buildConfigurations = (
				0CF852FA1C439403007CB94D /* Debug */,
				0CF852FB1C439403007CB94D /* Release */,
			);
			defaultConfigurationIsVisible = 0;
			defaultConfigurationName = Release;
		};
		0CF852FC1C439403007CB94D /* Build configuration list for PBXNativeTarget "SearchDemo" */ = {
			isa = XCConfigurationList;
			buildConfigurations = (
				0CF852FD1C439403007CB94D /* Debug */,
				0CF852FE1C439403007CB94D /* Release */,
			);
			defaultConfigurationIsVisible = 0;
			defaultConfigurationName = Release;
		};
		0CF852FF1C439403007CB94D /* Build configuration list for PBXNativeTarget "SearchDemoTests" */ = {
			isa = XCConfigurationList;
			buildConfigurations = (
				0CF853001C439403007CB94D /* Debug */,
				0CF853011C439403007CB94D /* Release */,
			);
			defaultConfigurationIsVisible = 0;
			defaultConfigurationName = Release;
		};
		F8DC0D071C98AB49001FA508 /* Build configuration list for PBXNativeTarget "SearchActions" */ = {
			isa = XCConfigurationList;
			buildConfigurations = (
				F8DC0D051C98AB49001FA508 /* Debug */,
				F8DC0D061C98AB49001FA508 /* Release */,
			);
			defaultConfigurationIsVisible = 0;
			defaultConfigurationName = Release;
		};
/* End XCConfigurationList section */

/* Begin XCVersionGroup section */
		0CF852E61C439402007CB94D /* SearchDemo.xcdatamodeld */ = {
			isa = XCVersionGroup;
			children = (
				0CF852E71C439402007CB94D /* SearchDemo.xcdatamodel */,
			);
			currentVersion = 0CF852E71C439402007CB94D /* SearchDemo.xcdatamodel */;
			name = SearchDemo.xcdatamodeld;
			path = SearchDemo/SearchDemo.xcdatamodeld;
			sourceTree = "<group>";
			versionGroupType = wrapper.xcdatamodel;
		};
/* End XCVersionGroup section */
	};
	rootObject = 0CF852D41C439402007CB94D /* Project object */;
}
